// !$*UTF8*$!
{
	archiveVersion = 1;
	classes = {
	};
	objectVersion = 46;
	objects = {

/* Begin PBXBuildFile section */
		F890C2C019701B7D00262B19 /* Foundation.framework in Frameworks */ = {isa = PBXBuildFile; fileRef = F890C2BF19701B7D00262B19 /* Foundation.framework */; };
		F890C2CE19701B7E00262B19 /* XCTest.framework in Frameworks */ = {isa = PBXBuildFile; fileRef = F890C2CD19701B7E00262B19 /* XCTest.framework */; };
		F890C2CF19701B7E00262B19 /* Foundation.framework in Frameworks */ = {isa = PBXBuildFile; fileRef = F890C2BF19701B7D00262B19 /* Foundation.framework */; };
		F890C2D119701B7E00262B19 /* UIKit.framework in Frameworks */ = {isa = PBXBuildFile; fileRef = F890C2D019701B7E00262B19 /* UIKit.framework */; };
		F890C2D419701B7E00262B19 /* libIVGUtils.a in Frameworks */ = {isa = PBXBuildFile; fileRef = F890C2BC19701B7D00262B19 /* libIVGUtils.a */; };
		F890C2DA19701B7E00262B19 /* InfoPlist.strings in Resources */ = {isa = PBXBuildFile; fileRef = F890C2D819701B7E00262B19 /* InfoPlist.strings */; };
		F890C32D19701BE100262B19 /* IVGBlockMap.m in Sources */ = {isa = PBXBuildFile; fileRef = F890C2E719701BE100262B19 /* IVGBlockMap.m */; };
		F890C32E19701BE100262B19 /* IVGClock.m in Sources */ = {isa = PBXBuildFile; fileRef = F890C2E919701BE100262B19 /* IVGClock.m */; };
		F890C32F19701BE100262B19 /* IVGGradientButton.m in Sources */ = {isa = PBXBuildFile; fileRef = F890C2EC19701BE100262B19 /* IVGGradientButton.m */; };
		F890C33019701BE100262B19 /* IVGGradientTableView.m in Sources */ = {isa = PBXBuildFile; fileRef = F890C2EE19701BE100262B19 /* IVGGradientTableView.m */; };
		F890C33119701BE100262B19 /* IVGGradientTableViewCell.m in Sources */ = {isa = PBXBuildFile; fileRef = F890C2F019701BE100262B19 /* IVGGradientTableViewCell.m */; };
		F890C33219701BE100262B19 /* IVGGradientView.m in Sources */ = {isa = PBXBuildFile; fileRef = F890C2F219701BE100262B19 /* IVGGradientView.m */; };
		F890C33319701BE100262B19 /* IVGHTMLExtractor.m in Sources */ = {isa = PBXBuildFile; fileRef = F890C2F419701BE100262B19 /* IVGHTMLExtractor.m */; };
		F890C33419701BE100262B19 /* IVGImageScrollView.m in Sources */ = {isa = PBXBuildFile; fileRef = F890C2F619701BE100262B19 /* IVGImageScrollView.m */; };
		F890C33519701BE100262B19 /* IVGKeyboardToolbar.m in Sources */ = {isa = PBXBuildFile; fileRef = F890C2F819701BE100262B19 /* IVGKeyboardToolbar.m */; };
		F890C33619701BE100262B19 /* IVGPair.m in Sources */ = {isa = PBXBuildFile; fileRef = F890C2FA19701BE100262B19 /* IVGPair.m */; };
		F890C33719701BE100262B19 /* IVGPassthroughView.m in Sources */ = {isa = PBXBuildFile; fileRef = F890C2FC19701BE100262B19 /* IVGPassthroughView.m */; };
		F890C33819701BE100262B19 /* IVGTextView.m in Sources */ = {isa = PBXBuildFile; fileRef = F890C2FE19701BE100262B19 /* IVGTextView.m */; };
		F890C33919701BE100262B19 /* IVGTouchableTableView.m in Sources */ = {isa = PBXBuildFile; fileRef = F890C30019701BE100262B19 /* IVGTouchableTableView.m */; };
		F890C33A19701BE100262B19 /* IVGUtils.m in Sources */ = {isa = PBXBuildFile; fileRef = F890C30219701BE100262B19 /* IVGUtils.m */; };
		F890C33B19701BE100262B19 /* IVGView.m in Sources */ = {isa = PBXBuildFile; fileRef = F890C30419701BE100262B19 /* IVGView.m */; };
		F890C33C19701BE100262B19 /* NSArray+IVGUtils.m in Sources */ = {isa = PBXBuildFile; fileRef = F890C30619701BE100262B19 /* NSArray+IVGUtils.m */; };
		F890C33D19701BE100262B19 /* NSData+IVGUtils.m in Sources */ = {isa = PBXBuildFile; fileRef = F890C30819701BE100262B19 /* NSData+IVGUtils.m */; };
		F890C33E19701BE100262B19 /* NSDate+IVGUtils.m in Sources */ = {isa = PBXBuildFile; fileRef = F890C30A19701BE100262B19 /* NSDate+IVGUtils.m */; };
		F890C33F19701BE100262B19 /* NSDictionary+IVGUtils.m in Sources */ = {isa = PBXBuildFile; fileRef = F890C30C19701BE100262B19 /* NSDictionary+IVGUtils.m */; };
		F890C34019701BE100262B19 /* NSFileManager+IVGUtils.m in Sources */ = {isa = PBXBuildFile; fileRef = F890C30E19701BE100262B19 /* NSFileManager+IVGUtils.m */; };
		F890C34119701BE100262B19 /* NSObject+IVGUtils.m in Sources */ = {isa = PBXBuildFile; fileRef = F890C31019701BE100262B19 /* NSObject+IVGUtils.m */; };
		F890C34219701BE100262B19 /* NSOrderedSet+IVGUtils.m in Sources */ = {isa = PBXBuildFile; fileRef = F890C31219701BE100262B19 /* NSOrderedSet+IVGUtils.m */; };
		F890C34319701BE100262B19 /* NSSet+IVGUtils.m in Sources */ = {isa = PBXBuildFile; fileRef = F890C31419701BE100262B19 /* NSSet+IVGUtils.m */; };
		F890C34419701BE100262B19 /* NSString+IVGUtils.m in Sources */ = {isa = PBXBuildFile; fileRef = F890C31619701BE100262B19 /* NSString+IVGUtils.m */; };
		F890C34519701BE100262B19 /* NSURLResponse+IVGUtils.m in Sources */ = {isa = PBXBuildFile; fileRef = F890C31819701BE100262B19 /* NSURLResponse+IVGUtils.m */; };
		F890C34619701BE100262B19 /* UIColor+IVGUtils.m in Sources */ = {isa = PBXBuildFile; fileRef = F890C31A19701BE100262B19 /* UIColor+IVGUtils.m */; };
		F890C34719701BE100262B19 /* UIDevice+IVGUtils.m in Sources */ = {isa = PBXBuildFile; fileRef = F890C31C19701BE100262B19 /* UIDevice+IVGUtils.m */; };
		F890C34819701BE100262B19 /* UIImage+IVGUtils.m in Sources */ = {isa = PBXBuildFile; fileRef = F890C31E19701BE100262B19 /* UIImage+IVGUtils.m */; };
		F890C34919701BE100262B19 /* UILabel+IVGUtils.m in Sources */ = {isa = PBXBuildFile; fileRef = F890C32019701BE100262B19 /* UILabel+IVGUtils.m */; };
		F890C34A19701BE100262B19 /* UITabBarController+IVGUtils.m in Sources */ = {isa = PBXBuildFile; fileRef = F890C32219701BE100262B19 /* UITabBarController+IVGUtils.m */; };
		F890C34B19701BE100262B19 /* UITextField+IVGUtils.m in Sources */ = {isa = PBXBuildFile; fileRef = F890C32419701BE100262B19 /* UITextField+IVGUtils.m */; };
		F890C34C19701BE100262B19 /* UIToolbar+IVGUtils.m in Sources */ = {isa = PBXBuildFile; fileRef = F890C32619701BE100262B19 /* UIToolbar+IVGUtils.m */; };
		F890C34D19701BE100262B19 /* UIView+IVGCustomProperties.m in Sources */ = {isa = PBXBuildFile; fileRef = F890C32819701BE100262B19 /* UIView+IVGCustomProperties.m */; };
		F890C34E19701BE100262B19 /* UIView+IVGUtils.m in Sources */ = {isa = PBXBuildFile; fileRef = F890C32A19701BE100262B19 /* UIView+IVGUtils.m */; };
		F890C34F19701BE100262B19 /* UIViewController+IVGUtils.m in Sources */ = {isa = PBXBuildFile; fileRef = F890C32C19701BE100262B19 /* UIViewController+IVGUtils.m */; };
		F890C35619701C0600262B19 /* NSArray+IVGUtilsTest.m in Sources */ = {isa = PBXBuildFile; fileRef = F890C35219701C0600262B19 /* NSArray+IVGUtilsTest.m */; };
		F890C35719701C0600262B19 /* NSDictionary+IVGUtilsTest.m in Sources */ = {isa = PBXBuildFile; fileRef = F890C35319701C0600262B19 /* NSDictionary+IVGUtilsTest.m */; };
		F890C35819701C0600262B19 /* NSString+IVGUtilsTest.m in Sources */ = {isa = PBXBuildFile; fileRef = F890C35419701C0600262B19 /* NSString+IVGUtilsTest.m */; };
/* End PBXBuildFile section */

/* Begin PBXContainerItemProxy section */
		F890C2D219701B7E00262B19 /* PBXContainerItemProxy */ = {
			isa = PBXContainerItemProxy;
			containerPortal = F890C2B419701B7D00262B19 /* Project object */;
			proxyType = 1;
			remoteGlobalIDString = F890C2BB19701B7D00262B19;
			remoteInfo = IVGUtils;
		};
/* End PBXContainerItemProxy section */

/* Begin PBXCopyFilesBuildPhase section */
		F890C2BA19701B7D00262B19 /* CopyFiles */ = {
			isa = PBXCopyFilesBuildPhase;
			buildActionMask = 2147483647;
			dstPath = "include/$(PRODUCT_NAME)";
			dstSubfolderSpec = 16;
			files = (
			);
			runOnlyForDeploymentPostprocessing = 0;
		};
/* End PBXCopyFilesBuildPhase section */

/* Begin PBXFileReference section */
		F88D28AD1AF95B040082972F /* IVGUtils.podspec */ = {isa = PBXFileReference; lastKnownFileType = text; path = IVGUtils.podspec; sourceTree = SOURCE_ROOT; };
		F88D28AE1AF95B220082972F /* LICENSE */ = {isa = PBXFileReference; lastKnownFileType = text; path = LICENSE; sourceTree = SOURCE_ROOT; };
		F890C2BC19701B7D00262B19 /* libIVGUtils.a */ = {isa = PBXFileReference; explicitFileType = archive.ar; includeInIndex = 0; path = libIVGUtils.a; sourceTree = BUILT_PRODUCTS_DIR; };
		F890C2BF19701B7D00262B19 /* Foundation.framework */ = {isa = PBXFileReference; lastKnownFileType = wrapper.framework; name = Foundation.framework; path = System/Library/Frameworks/Foundation.framework; sourceTree = SDKROOT; };
		F890C2C319701B7D00262B19 /* IVGUtils-Prefix.pch */ = {isa = PBXFileReference; lastKnownFileType = sourcecode.c.h; path = "IVGUtils-Prefix.pch"; sourceTree = "<group>"; };
		F890C2CC19701B7E00262B19 /* IVGUtilsTests.xctest */ = {isa = PBXFileReference; explicitFileType = wrapper.cfbundle; includeInIndex = 0; path = IVGUtilsTests.xctest; sourceTree = BUILT_PRODUCTS_DIR; };
		F890C2CD19701B7E00262B19 /* XCTest.framework */ = {isa = PBXFileReference; lastKnownFileType = wrapper.framework; name = XCTest.framework; path = Library/Frameworks/XCTest.framework; sourceTree = DEVELOPER_DIR; };
		F890C2D019701B7E00262B19 /* UIKit.framework */ = {isa = PBXFileReference; lastKnownFileType = wrapper.framework; name = UIKit.framework; path = Library/Frameworks/UIKit.framework; sourceTree = DEVELOPER_DIR; };
		F890C2D719701B7E00262B19 /* IVGUtilsTests-Info.plist */ = {isa = PBXFileReference; lastKnownFileType = text.plist.xml; path = "IVGUtilsTests-Info.plist"; sourceTree = "<group>"; };
		F890C2D919701B7E00262B19 /* en */ = {isa = PBXFileReference; lastKnownFileType = text.plist.strings; name = en; path = en.lproj/InfoPlist.strings; sourceTree = "<group>"; };
		F890C2E619701BE100262B19 /* IVGBlockMap.h */ = {isa = PBXFileReference; fileEncoding = 4; lastKnownFileType = sourcecode.c.h; path = IVGBlockMap.h; sourceTree = "<group>"; };
		F890C2E719701BE100262B19 /* IVGBlockMap.m */ = {isa = PBXFileReference; fileEncoding = 4; lastKnownFileType = sourcecode.c.objc; path = IVGBlockMap.m; sourceTree = "<group>"; };
		F890C2E819701BE100262B19 /* IVGClock.h */ = {isa = PBXFileReference; fileEncoding = 4; lastKnownFileType = sourcecode.c.h; path = IVGClock.h; sourceTree = "<group>"; };
		F890C2E919701BE100262B19 /* IVGClock.m */ = {isa = PBXFileReference; fileEncoding = 4; lastKnownFileType = sourcecode.c.objc; path = IVGClock.m; sourceTree = "<group>"; };
		F890C2EA19701BE100262B19 /* IVGDebug.h */ = {isa = PBXFileReference; fileEncoding = 4; lastKnownFileType = sourcecode.c.h; path = IVGDebug.h; sourceTree = "<group>"; };
		F890C2EB19701BE100262B19 /* IVGGradientButton.h */ = {isa = PBXFileReference; fileEncoding = 4; lastKnownFileType = sourcecode.c.h; path = IVGGradientButton.h; sourceTree = "<group>"; };
		F890C2EC19701BE100262B19 /* IVGGradientButton.m */ = {isa = PBXFileReference; fileEncoding = 4; lastKnownFileType = sourcecode.c.objc; path = IVGGradientButton.m; sourceTree = "<group>"; };
		F890C2ED19701BE100262B19 /* IVGGradientTableView.h */ = {isa = PBXFileReference; fileEncoding = 4; lastKnownFileType = sourcecode.c.h; path = IVGGradientTableView.h; sourceTree = "<group>"; };
		F890C2EE19701BE100262B19 /* IVGGradientTableView.m */ = {isa = PBXFileReference; fileEncoding = 4; lastKnownFileType = sourcecode.c.objc; path = IVGGradientTableView.m; sourceTree = "<group>"; };
		F890C2EF19701BE100262B19 /* IVGGradientTableViewCell.h */ = {isa = PBXFileReference; fileEncoding = 4; lastKnownFileType = sourcecode.c.h; path = IVGGradientTableViewCell.h; sourceTree = "<group>"; };
		F890C2F019701BE100262B19 /* IVGGradientTableViewCell.m */ = {isa = PBXFileReference; fileEncoding = 4; lastKnownFileType = sourcecode.c.objc; path = IVGGradientTableViewCell.m; sourceTree = "<group>"; };
		F890C2F119701BE100262B19 /* IVGGradientView.h */ = {isa = PBXFileReference; fileEncoding = 4; lastKnownFileType = sourcecode.c.h; path = IVGGradientView.h; sourceTree = "<group>"; };
		F890C2F219701BE100262B19 /* IVGGradientView.m */ = {isa = PBXFileReference; fileEncoding = 4; lastKnownFileType = sourcecode.c.objc; path = IVGGradientView.m; sourceTree = "<group>"; };
		F890C2F319701BE100262B19 /* IVGHTMLExtractor.h */ = {isa = PBXFileReference; fileEncoding = 4; lastKnownFileType = sourcecode.c.h; path = IVGHTMLExtractor.h; sourceTree = "<group>"; };
		F890C2F419701BE100262B19 /* IVGHTMLExtractor.m */ = {isa = PBXFileReference; fileEncoding = 4; lastKnownFileType = sourcecode.c.objc; path = IVGHTMLExtractor.m; sourceTree = "<group>"; };
		F890C2F519701BE100262B19 /* IVGImageScrollView.h */ = {isa = PBXFileReference; fileEncoding = 4; lastKnownFileType = sourcecode.c.h; path = IVGImageScrollView.h; sourceTree = "<group>"; };
		F890C2F619701BE100262B19 /* IVGImageScrollView.m */ = {isa = PBXFileReference; fileEncoding = 4; lastKnownFileType = sourcecode.c.objc; path = IVGImageScrollView.m; sourceTree = "<group>"; };
		F890C2F719701BE100262B19 /* IVGKeyboardToolbar.h */ = {isa = PBXFileReference; fileEncoding = 4; lastKnownFileType = sourcecode.c.h; path = IVGKeyboardToolbar.h; sourceTree = "<group>"; };
		F890C2F819701BE100262B19 /* IVGKeyboardToolbar.m */ = {isa = PBXFileReference; fileEncoding = 4; lastKnownFileType = sourcecode.c.objc; path = IVGKeyboardToolbar.m; sourceTree = "<group>"; };
		F890C2F919701BE100262B19 /* IVGPair.h */ = {isa = PBXFileReference; fileEncoding = 4; lastKnownFileType = sourcecode.c.h; path = IVGPair.h; sourceTree = "<group>"; };
		F890C2FA19701BE100262B19 /* IVGPair.m */ = {isa = PBXFileReference; fileEncoding = 4; lastKnownFileType = sourcecode.c.objc; path = IVGPair.m; sourceTree = "<group>"; };
		F890C2FB19701BE100262B19 /* IVGPassthroughView.h */ = {isa = PBXFileReference; fileEncoding = 4; lastKnownFileType = sourcecode.c.h; path = IVGPassthroughView.h; sourceTree = "<group>"; };
		F890C2FC19701BE100262B19 /* IVGPassthroughView.m */ = {isa = PBXFileReference; fileEncoding = 4; lastKnownFileType = sourcecode.c.objc; path = IVGPassthroughView.m; sourceTree = "<group>"; };
		F890C2FD19701BE100262B19 /* IVGTextView.h */ = {isa = PBXFileReference; fileEncoding = 4; lastKnownFileType = sourcecode.c.h; path = IVGTextView.h; sourceTree = "<group>"; };
		F890C2FE19701BE100262B19 /* IVGTextView.m */ = {isa = PBXFileReference; fileEncoding = 4; lastKnownFileType = sourcecode.c.objc; path = IVGTextView.m; sourceTree = "<group>"; };
		F890C2FF19701BE100262B19 /* IVGTouchableTableView.h */ = {isa = PBXFileReference; fileEncoding = 4; lastKnownFileType = sourcecode.c.h; path = IVGTouchableTableView.h; sourceTree = "<group>"; };
		F890C30019701BE100262B19 /* IVGTouchableTableView.m */ = {isa = PBXFileReference; fileEncoding = 4; lastKnownFileType = sourcecode.c.objc; path = IVGTouchableTableView.m; sourceTree = "<group>"; };
		F890C30119701BE100262B19 /* IVGUtils.h */ = {isa = PBXFileReference; fileEncoding = 4; lastKnownFileType = sourcecode.c.h; path = IVGUtils.h; sourceTree = "<group>"; };
		F890C30219701BE100262B19 /* IVGUtils.m */ = {isa = PBXFileReference; fileEncoding = 4; lastKnownFileType = sourcecode.c.objc; path = IVGUtils.m; sourceTree = "<group>"; };
		F890C30319701BE100262B19 /* IVGView.h */ = {isa = PBXFileReference; fileEncoding = 4; lastKnownFileType = sourcecode.c.h; path = IVGView.h; sourceTree = "<group>"; };
		F890C30419701BE100262B19 /* IVGView.m */ = {isa = PBXFileReference; fileEncoding = 4; lastKnownFileType = sourcecode.c.objc; path = IVGView.m; sourceTree = "<group>"; };
		F890C30519701BE100262B19 /* NSArray+IVGUtils.h */ = {isa = PBXFileReference; fileEncoding = 4; lastKnownFileType = sourcecode.c.h; path = "NSArray+IVGUtils.h"; sourceTree = "<group>"; };
		F890C30619701BE100262B19 /* NSArray+IVGUtils.m */ = {isa = PBXFileReference; fileEncoding = 4; lastKnownFileType = sourcecode.c.objc; path = "NSArray+IVGUtils.m"; sourceTree = "<group>"; };
		F890C30719701BE100262B19 /* NSData+IVGUtils.h */ = {isa = PBXFileReference; fileEncoding = 4; lastKnownFileType = sourcecode.c.h; path = "NSData+IVGUtils.h"; sourceTree = "<group>"; };
		F890C30819701BE100262B19 /* NSData+IVGUtils.m */ = {isa = PBXFileReference; fileEncoding = 4; lastKnownFileType = sourcecode.c.objc; path = "NSData+IVGUtils.m"; sourceTree = "<group>"; };
		F890C30919701BE100262B19 /* NSDate+IVGUtils.h */ = {isa = PBXFileReference; fileEncoding = 4; lastKnownFileType = sourcecode.c.h; path = "NSDate+IVGUtils.h"; sourceTree = "<group>"; };
		F890C30A19701BE100262B19 /* NSDate+IVGUtils.m */ = {isa = PBXFileReference; fileEncoding = 4; lastKnownFileType = sourcecode.c.objc; path = "NSDate+IVGUtils.m"; sourceTree = "<group>"; };
		F890C30B19701BE100262B19 /* NSDictionary+IVGUtils.h */ = {isa = PBXFileReference; fileEncoding = 4; lastKnownFileType = sourcecode.c.h; path = "NSDictionary+IVGUtils.h"; sourceTree = "<group>"; };
		F890C30C19701BE100262B19 /* NSDictionary+IVGUtils.m */ = {isa = PBXFileReference; fileEncoding = 4; lastKnownFileType = sourcecode.c.objc; path = "NSDictionary+IVGUtils.m"; sourceTree = "<group>"; };
		F890C30D19701BE100262B19 /* NSFileManager+IVGUtils.h */ = {isa = PBXFileReference; fileEncoding = 4; lastKnownFileType = sourcecode.c.h; path = "NSFileManager+IVGUtils.h"; sourceTree = "<group>"; };
		F890C30E19701BE100262B19 /* NSFileManager+IVGUtils.m */ = {isa = PBXFileReference; fileEncoding = 4; lastKnownFileType = sourcecode.c.objc; path = "NSFileManager+IVGUtils.m"; sourceTree = "<group>"; };
		F890C30F19701BE100262B19 /* NSObject+IVGUtils.h */ = {isa = PBXFileReference; fileEncoding = 4; lastKnownFileType = sourcecode.c.h; path = "NSObject+IVGUtils.h"; sourceTree = "<group>"; };
		F890C31019701BE100262B19 /* NSObject+IVGUtils.m */ = {isa = PBXFileReference; fileEncoding = 4; lastKnownFileType = sourcecode.c.objc; path = "NSObject+IVGUtils.m"; sourceTree = "<group>"; };
		F890C31119701BE100262B19 /* NSOrderedSet+IVGUtils.h */ = {isa = PBXFileReference; fileEncoding = 4; lastKnownFileType = sourcecode.c.h; path = "NSOrderedSet+IVGUtils.h"; sourceTree = "<group>"; };
		F890C31219701BE100262B19 /* NSOrderedSet+IVGUtils.m */ = {isa = PBXFileReference; fileEncoding = 4; lastKnownFileType = sourcecode.c.objc; path = "NSOrderedSet+IVGUtils.m"; sourceTree = "<group>"; };
		F890C31319701BE100262B19 /* NSSet+IVGUtils.h */ = {isa = PBXFileReference; fileEncoding = 4; lastKnownFileType = sourcecode.c.h; path = "NSSet+IVGUtils.h"; sourceTree = "<group>"; };
		F890C31419701BE100262B19 /* NSSet+IVGUtils.m */ = {isa = PBXFileReference; fileEncoding = 4; lastKnownFileType = sourcecode.c.objc; path = "NSSet+IVGUtils.m"; sourceTree = "<group>"; };
		F890C31519701BE100262B19 /* NSString+IVGUtils.h */ = {isa = PBXFileReference; fileEncoding = 4; lastKnownFileType = sourcecode.c.h; path = "NSString+IVGUtils.h"; sourceTree = "<group>"; };
		F890C31619701BE100262B19 /* NSString+IVGUtils.m */ = {isa = PBXFileReference; fileEncoding = 4; lastKnownFileType = sourcecode.c.objc; path = "NSString+IVGUtils.m"; sourceTree = "<group>"; };
		F890C31719701BE100262B19 /* NSURLResponse+IVGUtils.h */ = {isa = PBXFileReference; fileEncoding = 4; lastKnownFileType = sourcecode.c.h; path = "NSURLResponse+IVGUtils.h"; sourceTree = "<group>"; };
		F890C31819701BE100262B19 /* NSURLResponse+IVGUtils.m */ = {isa = PBXFileReference; fileEncoding = 4; lastKnownFileType = sourcecode.c.objc; path = "NSURLResponse+IVGUtils.m"; sourceTree = "<group>"; };
		F890C31919701BE100262B19 /* UIColor+IVGUtils.h */ = {isa = PBXFileReference; fileEncoding = 4; lastKnownFileType = sourcecode.c.h; path = "UIColor+IVGUtils.h"; sourceTree = "<group>"; };
		F890C31A19701BE100262B19 /* UIColor+IVGUtils.m */ = {isa = PBXFileReference; fileEncoding = 4; lastKnownFileType = sourcecode.c.objc; path = "UIColor+IVGUtils.m"; sourceTree = "<group>"; };
		F890C31B19701BE100262B19 /* UIDevice+IVGUtils.h */ = {isa = PBXFileReference; fileEncoding = 4; lastKnownFileType = sourcecode.c.h; path = "UIDevice+IVGUtils.h"; sourceTree = "<group>"; };
		F890C31C19701BE100262B19 /* UIDevice+IVGUtils.m */ = {isa = PBXFileReference; fileEncoding = 4; lastKnownFileType = sourcecode.c.objc; path = "UIDevice+IVGUtils.m"; sourceTree = "<group>"; };
		F890C31D19701BE100262B19 /* UIImage+IVGUtils.h */ = {isa = PBXFileReference; fileEncoding = 4; lastKnownFileType = sourcecode.c.h; path = "UIImage+IVGUtils.h"; sourceTree = "<group>"; };
		F890C31E19701BE100262B19 /* UIImage+IVGUtils.m */ = {isa = PBXFileReference; fileEncoding = 4; lastKnownFileType = sourcecode.c.objc; path = "UIImage+IVGUtils.m"; sourceTree = "<group>"; };
		F890C31F19701BE100262B19 /* UILabel+IVGUtils.h */ = {isa = PBXFileReference; fileEncoding = 4; lastKnownFileType = sourcecode.c.h; path = "UILabel+IVGUtils.h"; sourceTree = "<group>"; };
		F890C32019701BE100262B19 /* UILabel+IVGUtils.m */ = {isa = PBXFileReference; fileEncoding = 4; lastKnownFileType = sourcecode.c.objc; path = "UILabel+IVGUtils.m"; sourceTree = "<group>"; };
		F890C32119701BE100262B19 /* UITabBarController+IVGUtils.h */ = {isa = PBXFileReference; fileEncoding = 4; lastKnownFileType = sourcecode.c.h; path = "UITabBarController+IVGUtils.h"; sourceTree = "<group>"; };
		F890C32219701BE100262B19 /* UITabBarController+IVGUtils.m */ = {isa = PBXFileReference; fileEncoding = 4; lastKnownFileType = sourcecode.c.objc; path = "UITabBarController+IVGUtils.m"; sourceTree = "<group>"; };
		F890C32319701BE100262B19 /* UITextField+IVGUtils.h */ = {isa = PBXFileReference; fileEncoding = 4; lastKnownFileType = sourcecode.c.h; path = "UITextField+IVGUtils.h"; sourceTree = "<group>"; };
		F890C32419701BE100262B19 /* UITextField+IVGUtils.m */ = {isa = PBXFileReference; fileEncoding = 4; lastKnownFileType = sourcecode.c.objc; path = "UITextField+IVGUtils.m"; sourceTree = "<group>"; };
		F890C32519701BE100262B19 /* UIToolbar+IVGUtils.h */ = {isa = PBXFileReference; fileEncoding = 4; lastKnownFileType = sourcecode.c.h; path = "UIToolbar+IVGUtils.h"; sourceTree = "<group>"; };
		F890C32619701BE100262B19 /* UIToolbar+IVGUtils.m */ = {isa = PBXFileReference; fileEncoding = 4; lastKnownFileType = sourcecode.c.objc; path = "UIToolbar+IVGUtils.m"; sourceTree = "<group>"; };
		F890C32719701BE100262B19 /* UIView+IVGCustomProperties.h */ = {isa = PBXFileReference; fileEncoding = 4; lastKnownFileType = sourcecode.c.h; path = "UIView+IVGCustomProperties.h"; sourceTree = "<group>"; };
		F890C32819701BE100262B19 /* UIView+IVGCustomProperties.m */ = {isa = PBXFileReference; fileEncoding = 4; lastKnownFileType = sourcecode.c.objc; path = "UIView+IVGCustomProperties.m"; sourceTree = "<group>"; };
		F890C32919701BE100262B19 /* UIView+IVGUtils.h */ = {isa = PBXFileReference; fileEncoding = 4; lastKnownFileType = sourcecode.c.h; path = "UIView+IVGUtils.h"; sourceTree = "<group>"; };
		F890C32A19701BE100262B19 /* UIView+IVGUtils.m */ = {isa = PBXFileReference; fileEncoding = 4; lastKnownFileType = sourcecode.c.objc; path = "UIView+IVGUtils.m"; sourceTree = "<group>"; };
		F890C32B19701BE100262B19 /* UIViewController+IVGUtils.h */ = {isa = PBXFileReference; fileEncoding = 4; lastKnownFileType = sourcecode.c.h; path = "UIViewController+IVGUtils.h"; sourceTree = "<group>"; };
		F890C32C19701BE100262B19 /* UIViewController+IVGUtils.m */ = {isa = PBXFileReference; fileEncoding = 4; lastKnownFileType = sourcecode.c.objc; path = "UIViewController+IVGUtils.m"; sourceTree = "<group>"; };
		F890C35219701C0600262B19 /* NSArray+IVGUtilsTest.m */ = {isa = PBXFileReference; fileEncoding = 4; lastKnownFileType = sourcecode.c.objc; path = "NSArray+IVGUtilsTest.m"; sourceTree = "<group>"; };
		F890C35319701C0600262B19 /* NSDictionary+IVGUtilsTest.m */ = {isa = PBXFileReference; fileEncoding = 4; lastKnownFileType = sourcecode.c.objc; path = "NSDictionary+IVGUtilsTest.m"; sourceTree = "<group>"; };
		F890C35419701C0600262B19 /* NSString+IVGUtilsTest.m */ = {isa = PBXFileReference; fileEncoding = 4; lastKnownFileType = sourcecode.c.objc; path = "NSString+IVGUtilsTest.m"; sourceTree = "<group>"; };
/* End PBXFileReference section */

/* Begin PBXFrameworksBuildPhase section */
		F890C2B919701B7D00262B19 /* Frameworks */ = {
			isa = PBXFrameworksBuildPhase;
			buildActionMask = 2147483647;
			files = (
				F890C2C019701B7D00262B19 /* Foundation.framework in Frameworks */,
			);
			runOnlyForDeploymentPostprocessing = 0;
		};
		F890C2C919701B7E00262B19 /* Frameworks */ = {
			isa = PBXFrameworksBuildPhase;
			buildActionMask = 2147483647;
			files = (
				F890C2CE19701B7E00262B19 /* XCTest.framework in Frameworks */,
				F890C2D119701B7E00262B19 /* UIKit.framework in Frameworks */,
				F890C2D419701B7E00262B19 /* libIVGUtils.a in Frameworks */,
				F890C2CF19701B7E00262B19 /* Foundation.framework in Frameworks */,
			);
			runOnlyForDeploymentPostprocessing = 0;
		};
/* End PBXFrameworksBuildPhase section */

/* Begin PBXGroup section */
		F890C2B319701B7D00262B19 = {
			isa = PBXGroup;
			children = (
				F890C2C119701B7D00262B19 /* IVGUtils */,
				F890C2D519701B7E00262B19 /* IVGUtilsTests */,
				F890C2BE19701B7D00262B19 /* Frameworks */,
				F890C2BD19701B7D00262B19 /* Products */,
			);
			sourceTree = "<group>";
		};
		F890C2BD19701B7D00262B19 /* Products */ = {
			isa = PBXGroup;
			children = (
				F890C2BC19701B7D00262B19 /* libIVGUtils.a */,
				F890C2CC19701B7E00262B19 /* IVGUtilsTests.xctest */,
			);
			name = Products;
			sourceTree = "<group>";
		};
		F890C2BE19701B7D00262B19 /* Frameworks */ = {
			isa = PBXGroup;
			children = (
				F890C2BF19701B7D00262B19 /* Foundation.framework */,
				F890C2CD19701B7E00262B19 /* XCTest.framework */,
				F890C2D019701B7E00262B19 /* UIKit.framework */,
			);
			name = Frameworks;
			sourceTree = "<group>";
		};
		F890C2C119701B7D00262B19 /* IVGUtils */ = {
			isa = PBXGroup;
			children = (
				F890C2E519701BE100262B19 /* source */,
				F890C2C219701B7D00262B19 /* Supporting Files */,
			);
			path = IVGUtils;
			sourceTree = "<group>";
		};
		F890C2C219701B7D00262B19 /* Supporting Files */ = {
			isa = PBXGroup;
			children = (
				F890C2C319701B7D00262B19 /* IVGUtils-Prefix.pch */,
				F88D28AD1AF95B040082972F /* IVGUtils.podspec */,
				F88D28AE1AF95B220082972F /* LICENSE */,
			);
			name = "Supporting Files";
			sourceTree = "<group>";
		};
		F890C2D519701B7E00262B19 /* IVGUtilsTests */ = {
			isa = PBXGroup;
			children = (
				F890C35019701C0600262B19 /* source */,
				F890C2D619701B7E00262B19 /* Supporting Files */,
			);
			path = IVGUtilsTests;
			sourceTree = "<group>";
		};
		F890C2D619701B7E00262B19 /* Supporting Files */ = {
			isa = PBXGroup;
			children = (
				F890C2D719701B7E00262B19 /* IVGUtilsTests-Info.plist */,
				F890C2D819701B7E00262B19 /* InfoPlist.strings */,
			);
			name = "Supporting Files";
			sourceTree = "<group>";
		};
		F890C2E519701BE100262B19 /* source */ = {
			isa = PBXGroup;
			children = (
				F890C2E619701BE100262B19 /* IVGBlockMap.h */,
				F890C2E719701BE100262B19 /* IVGBlockMap.m */,
				F890C2E819701BE100262B19 /* IVGClock.h */,
				F890C2E919701BE100262B19 /* IVGClock.m */,
				F890C2EA19701BE100262B19 /* IVGDebug.h */,
				F890C2EB19701BE100262B19 /* IVGGradientButton.h */,
				F890C2EC19701BE100262B19 /* IVGGradientButton.m */,
				F890C2ED19701BE100262B19 /* IVGGradientTableView.h */,
				F890C2EE19701BE100262B19 /* IVGGradientTableView.m */,
				F890C2EF19701BE100262B19 /* IVGGradientTableViewCell.h */,
				F890C2F019701BE100262B19 /* IVGGradientTableViewCell.m */,
				F890C2F119701BE100262B19 /* IVGGradientView.h */,
				F890C2F219701BE100262B19 /* IVGGradientView.m */,
				F890C2F319701BE100262B19 /* IVGHTMLExtractor.h */,
				F890C2F419701BE100262B19 /* IVGHTMLExtractor.m */,
				F890C2F519701BE100262B19 /* IVGImageScrollView.h */,
				F890C2F619701BE100262B19 /* IVGImageScrollView.m */,
				F890C2F719701BE100262B19 /* IVGKeyboardToolbar.h */,
				F890C2F819701BE100262B19 /* IVGKeyboardToolbar.m */,
				F890C2F919701BE100262B19 /* IVGPair.h */,
				F890C2FA19701BE100262B19 /* IVGPair.m */,
				F890C2FB19701BE100262B19 /* IVGPassthroughView.h */,
				F890C2FC19701BE100262B19 /* IVGPassthroughView.m */,
				F890C2FD19701BE100262B19 /* IVGTextView.h */,
				F890C2FE19701BE100262B19 /* IVGTextView.m */,
				F890C2FF19701BE100262B19 /* IVGTouchableTableView.h */,
				F890C30019701BE100262B19 /* IVGTouchableTableView.m */,
				F890C30119701BE100262B19 /* IVGUtils.h */,
				F890C30219701BE100262B19 /* IVGUtils.m */,
				F890C30319701BE100262B19 /* IVGView.h */,
				F890C30419701BE100262B19 /* IVGView.m */,
				F890C30519701BE100262B19 /* NSArray+IVGUtils.h */,
				F890C30619701BE100262B19 /* NSArray+IVGUtils.m */,
				F890C30719701BE100262B19 /* NSData+IVGUtils.h */,
				F890C30819701BE100262B19 /* NSData+IVGUtils.m */,
				F890C30919701BE100262B19 /* NSDate+IVGUtils.h */,
				F890C30A19701BE100262B19 /* NSDate+IVGUtils.m */,
				F890C30B19701BE100262B19 /* NSDictionary+IVGUtils.h */,
				F890C30C19701BE100262B19 /* NSDictionary+IVGUtils.m */,
				F890C30D19701BE100262B19 /* NSFileManager+IVGUtils.h */,
				F890C30E19701BE100262B19 /* NSFileManager+IVGUtils.m */,
				F890C30F19701BE100262B19 /* NSObject+IVGUtils.h */,
				F890C31019701BE100262B19 /* NSObject+IVGUtils.m */,
				F890C31119701BE100262B19 /* NSOrderedSet+IVGUtils.h */,
				F890C31219701BE100262B19 /* NSOrderedSet+IVGUtils.m */,
				F890C31319701BE100262B19 /* NSSet+IVGUtils.h */,
				F890C31419701BE100262B19 /* NSSet+IVGUtils.m */,
				F890C31519701BE100262B19 /* NSString+IVGUtils.h */,
				F890C31619701BE100262B19 /* NSString+IVGUtils.m */,
				F890C31719701BE100262B19 /* NSURLResponse+IVGUtils.h */,
				F890C31819701BE100262B19 /* NSURLResponse+IVGUtils.m */,
				F890C31919701BE100262B19 /* UIColor+IVGUtils.h */,
				F890C31A19701BE100262B19 /* UIColor+IVGUtils.m */,
				F890C31B19701BE100262B19 /* UIDevice+IVGUtils.h */,
				F890C31C19701BE100262B19 /* UIDevice+IVGUtils.m */,
				F890C31D19701BE100262B19 /* UIImage+IVGUtils.h */,
				F890C31E19701BE100262B19 /* UIImage+IVGUtils.m */,
				F890C31F19701BE100262B19 /* UILabel+IVGUtils.h */,
				F890C32019701BE100262B19 /* UILabel+IVGUtils.m */,
				F890C32119701BE100262B19 /* UITabBarController+IVGUtils.h */,
				F890C32219701BE100262B19 /* UITabBarController+IVGUtils.m */,
				F890C32319701BE100262B19 /* UITextField+IVGUtils.h */,
				F890C32419701BE100262B19 /* UITextField+IVGUtils.m */,
				F890C32519701BE100262B19 /* UIToolbar+IVGUtils.h */,
				F890C32619701BE100262B19 /* UIToolbar+IVGUtils.m */,
				F890C32719701BE100262B19 /* UIView+IVGCustomProperties.h */,
				F890C32819701BE100262B19 /* UIView+IVGCustomProperties.m */,
				F890C32919701BE100262B19 /* UIView+IVGUtils.h */,
				F890C32A19701BE100262B19 /* UIView+IVGUtils.m */,
				F890C32B19701BE100262B19 /* UIViewController+IVGUtils.h */,
				F890C32C19701BE100262B19 /* UIViewController+IVGUtils.m */,
			);
			path = source;
			sourceTree = "<group>";
		};
		F890C35019701C0600262B19 /* source */ = {
			isa = PBXGroup;
			children = (
				F890C35219701C0600262B19 /* NSArray+IVGUtilsTest.m */,
				F890C35319701C0600262B19 /* NSDictionary+IVGUtilsTest.m */,
				F890C35419701C0600262B19 /* NSString+IVGUtilsTest.m */,
			);
			path = source;
			sourceTree = "<group>";
		};
/* End PBXGroup section */

/* Begin PBXNativeTarget section */
		F890C2BB19701B7D00262B19 /* IVGUtils */ = {
			isa = PBXNativeTarget;
			buildConfigurationList = F890C2DF19701B7E00262B19 /* Build configuration list for PBXNativeTarget "IVGUtils" */;
			buildPhases = (
				F890C2B819701B7D00262B19 /* Sources */,
				F890C2B919701B7D00262B19 /* Frameworks */,
				F890C2BA19701B7D00262B19 /* CopyFiles */,
			);
			buildRules = (
			);
			dependencies = (
			);
			name = IVGUtils;
			productName = IVGUtils;
			productReference = F890C2BC19701B7D00262B19 /* libIVGUtils.a */;
			productType = "com.apple.product-type.library.static";
		};
		F890C2CB19701B7E00262B19 /* IVGUtilsTests */ = {
			isa = PBXNativeTarget;
			buildConfigurationList = F890C2E219701B7E00262B19 /* Build configuration list for PBXNativeTarget "IVGUtilsTests" */;
			buildPhases = (
				F890C2C819701B7E00262B19 /* Sources */,
				F890C2C919701B7E00262B19 /* Frameworks */,
				F890C2CA19701B7E00262B19 /* Resources */,
			);
			buildRules = (
			);
			dependencies = (
				F890C2D319701B7E00262B19 /* PBXTargetDependency */,
			);
			name = IVGUtilsTests;
			productName = IVGUtilsTests;
			productReference = F890C2CC19701B7E00262B19 /* IVGUtilsTests.xctest */;
			productType = "com.apple.product-type.bundle.unit-test";
		};
/* End PBXNativeTarget section */

/* Begin PBXProject section */
		F890C2B419701B7D00262B19 /* Project object */ = {
			isa = PBXProject;
			attributes = {
				LastUpgradeCheck = 0900;
				ORGANIZATIONNAME = "Ivy Gulch";
			};
			buildConfigurationList = F890C2B719701B7D00262B19 /* Build configuration list for PBXProject "IVGUtils" */;
			compatibilityVersion = "Xcode 3.2";
			developmentRegion = English;
			hasScannedForEncodings = 0;
			knownRegions = (
				en,
			);
			mainGroup = F890C2B319701B7D00262B19;
			productRefGroup = F890C2BD19701B7D00262B19 /* Products */;
			projectDirPath = "";
			projectRoot = "";
			targets = (
				F890C2BB19701B7D00262B19 /* IVGUtils */,
				F890C2CB19701B7E00262B19 /* IVGUtilsTests */,
			);
		};
/* End PBXProject section */

/* Begin PBXResourcesBuildPhase section */
		F890C2CA19701B7E00262B19 /* Resources */ = {
			isa = PBXResourcesBuildPhase;
			buildActionMask = 2147483647;
			files = (
				F890C2DA19701B7E00262B19 /* InfoPlist.strings in Resources */,
			);
			runOnlyForDeploymentPostprocessing = 0;
		};
/* End PBXResourcesBuildPhase section */

/* Begin PBXSourcesBuildPhase section */
		F890C2B819701B7D00262B19 /* Sources */ = {
			isa = PBXSourcesBuildPhase;
			buildActionMask = 2147483647;
			files = (
				F890C33119701BE100262B19 /* IVGGradientTableViewCell.m in Sources */,
				F890C34119701BE100262B19 /* NSObject+IVGUtils.m in Sources */,
				F890C34C19701BE100262B19 /* UIToolbar+IVGUtils.m in Sources */,
				F890C34619701BE100262B19 /* UIColor+IVGUtils.m in Sources */,
				F890C34F19701BE100262B19 /* UIViewController+IVGUtils.m in Sources */,
				F890C33919701BE100262B19 /* IVGTouchableTableView.m in Sources */,
				F890C34B19701BE100262B19 /* UITextField+IVGUtils.m in Sources */,
				F890C33019701BE100262B19 /* IVGGradientTableView.m in Sources */,
				F890C34719701BE100262B19 /* UIDevice+IVGUtils.m in Sources */,
				F890C33E19701BE100262B19 /* NSDate+IVGUtils.m in Sources */,
				F890C33419701BE100262B19 /* IVGImageScrollView.m in Sources */,
				F890C32F19701BE100262B19 /* IVGGradientButton.m in Sources */,
				F890C33619701BE100262B19 /* IVGPair.m in Sources */,
				F890C33719701BE100262B19 /* IVGPassthroughView.m in Sources */,
				F890C33B19701BE100262B19 /* IVGView.m in Sources */,
				F890C34019701BE100262B19 /* NSFileManager+IVGUtils.m in Sources */,
				F890C34919701BE100262B19 /* UILabel+IVGUtils.m in Sources */,
				F890C33819701BE100262B19 /* IVGTextView.m in Sources */,
				F890C34D19701BE100262B19 /* UIView+IVGCustomProperties.m in Sources */,
				F890C33519701BE100262B19 /* IVGKeyboardToolbar.m in Sources */,
				F890C34E19701BE100262B19 /* UIView+IVGUtils.m in Sources */,
				F890C33219701BE100262B19 /* IVGGradientView.m in Sources */,
				F890C34819701BE100262B19 /* UIImage+IVGUtils.m in Sources */,
				F890C34219701BE100262B19 /* NSOrderedSet+IVGUtils.m in Sources */,
				F890C33319701BE100262B19 /* IVGHTMLExtractor.m in Sources */,
				F890C34419701BE100262B19 /* NSString+IVGUtils.m in Sources */,
				F890C32D19701BE100262B19 /* IVGBlockMap.m in Sources */,
				F890C33A19701BE100262B19 /* IVGUtils.m in Sources */,
				F890C34319701BE100262B19 /* NSSet+IVGUtils.m in Sources */,
				F890C33D19701BE100262B19 /* NSData+IVGUtils.m in Sources */,
				F890C33F19701BE100262B19 /* NSDictionary+IVGUtils.m in Sources */,
				F890C34A19701BE100262B19 /* UITabBarController+IVGUtils.m in Sources */,
				F890C32E19701BE100262B19 /* IVGClock.m in Sources */,
				F890C34519701BE100262B19 /* NSURLResponse+IVGUtils.m in Sources */,
				F890C33C19701BE100262B19 /* NSArray+IVGUtils.m in Sources */,
			);
			runOnlyForDeploymentPostprocessing = 0;
		};
		F890C2C819701B7E00262B19 /* Sources */ = {
			isa = PBXSourcesBuildPhase;
			buildActionMask = 2147483647;
			files = (
				F890C35819701C0600262B19 /* NSString+IVGUtilsTest.m in Sources */,
				F890C35719701C0600262B19 /* NSDictionary+IVGUtilsTest.m in Sources */,
				F890C35619701C0600262B19 /* NSArray+IVGUtilsTest.m in Sources */,
			);
			runOnlyForDeploymentPostprocessing = 0;
		};
/* End PBXSourcesBuildPhase section */

/* Begin PBXTargetDependency section */
		F890C2D319701B7E00262B19 /* PBXTargetDependency */ = {
			isa = PBXTargetDependency;
			target = F890C2BB19701B7D00262B19 /* IVGUtils */;
			targetProxy = F890C2D219701B7E00262B19 /* PBXContainerItemProxy */;
		};
/* End PBXTargetDependency section */

/* Begin PBXVariantGroup section */
		F890C2D819701B7E00262B19 /* InfoPlist.strings */ = {
			isa = PBXVariantGroup;
			children = (
				F890C2D919701B7E00262B19 /* en */,
			);
			name = InfoPlist.strings;
			sourceTree = "<group>";
		};
/* End PBXVariantGroup section */

/* Begin XCBuildConfiguration section */
		F890C2DD19701B7E00262B19 /* Debug */ = {
			isa = XCBuildConfiguration;
			buildSettings = {
				ALWAYS_SEARCH_USER_PATHS = NO;
				CLANG_CXX_LANGUAGE_STANDARD = "gnu++0x";
				CLANG_CXX_LIBRARY = "libc++";
				CLANG_ENABLE_MODULES = YES;
				CLANG_ENABLE_OBJC_ARC = YES;
				CLANG_WARN_BLOCK_CAPTURE_AUTORELEASING = YES;
				CLANG_WARN_BOOL_CONVERSION = YES;
				CLANG_WARN_COMMA = YES;
				CLANG_WARN_CONSTANT_CONVERSION = YES;
				CLANG_WARN_DIRECT_OBJC_ISA_USAGE = YES_ERROR;
				CLANG_WARN_EMPTY_BODY = YES;
				CLANG_WARN_ENUM_CONVERSION = YES;
				CLANG_WARN_INFINITE_RECURSION = YES;
				CLANG_WARN_INT_CONVERSION = YES;
				CLANG_WARN_NON_LITERAL_NULL_CONVERSION = YES;
				CLANG_WARN_OBJC_LITERAL_CONVERSION = YES;
				CLANG_WARN_OBJC_ROOT_CLASS = YES_ERROR;
				CLANG_WARN_RANGE_LOOP_ANALYSIS = YES;
				CLANG_WARN_STRICT_PROTOTYPES = YES;
				CLANG_WARN_SUSPICIOUS_MOVE = YES;
				CLANG_WARN_UNREACHABLE_CODE = YES;
				CLANG_WARN__DUPLICATE_METHOD_MATCH = YES;
				COPY_PHASE_STRIP = NO;
				ENABLE_STRICT_OBJC_MSGSEND = YES;
				ENABLE_TESTABILITY = YES;
				GCC_C_LANGUAGE_STANDARD = gnu99;
				GCC_DYNAMIC_NO_PIC = NO;
				GCC_NO_COMMON_BLOCKS = YES;
				GCC_OPTIMIZATION_LEVEL = 0;
				GCC_PREPROCESSOR_DEFINITIONS = (
					"DEBUG=1",
					"$(inherited)",
				);
				GCC_SYMBOLS_PRIVATE_EXTERN = NO;
				GCC_WARN_64_TO_32_BIT_CONVERSION = YES;
				GCC_WARN_ABOUT_RETURN_TYPE = YES_ERROR;
				GCC_WARN_UNDECLARED_SELECTOR = YES;
				GCC_WARN_UNINITIALIZED_AUTOS = YES_AGGRESSIVE;
				GCC_WARN_UNUSED_FUNCTION = YES;
				GCC_WARN_UNUSED_VARIABLE = YES;
				IPHONEOS_DEPLOYMENT_TARGET = 8.0;
				ONLY_ACTIVE_ARCH = YES;
				SDKROOT = iphoneos;
			};
			name = Debug;
		};
		F890C2DE19701B7E00262B19 /* Release */ = {
			isa = XCBuildConfiguration;
			buildSettings = {
				ALWAYS_SEARCH_USER_PATHS = NO;
				CLANG_CXX_LANGUAGE_STANDARD = "gnu++0x";
				CLANG_CXX_LIBRARY = "libc++";
				CLANG_ENABLE_MODULES = YES;
				CLANG_ENABLE_OBJC_ARC = YES;
				CLANG_WARN_BLOCK_CAPTURE_AUTORELEASING = YES;
				CLANG_WARN_BOOL_CONVERSION = YES;
				CLANG_WARN_COMMA = YES;
				CLANG_WARN_CONSTANT_CONVERSION = YES;
				CLANG_WARN_DIRECT_OBJC_ISA_USAGE = YES_ERROR;
				CLANG_WARN_EMPTY_BODY = YES;
				CLANG_WARN_ENUM_CONVERSION = YES;
				CLANG_WARN_INFINITE_RECURSION = YES;
				CLANG_WARN_INT_CONVERSION = YES;
				CLANG_WARN_NON_LITERAL_NULL_CONVERSION = YES;
				CLANG_WARN_OBJC_LITERAL_CONVERSION = YES;
				CLANG_WARN_OBJC_ROOT_CLASS = YES_ERROR;
				CLANG_WARN_RANGE_LOOP_ANALYSIS = YES;
				CLANG_WARN_STRICT_PROTOTYPES = YES;
				CLANG_WARN_SUSPICIOUS_MOVE = YES;
				CLANG_WARN_UNREACHABLE_CODE = YES;
				CLANG_WARN__DUPLICATE_METHOD_MATCH = YES;
				COPY_PHASE_STRIP = YES;
				ENABLE_NS_ASSERTIONS = NO;
				ENABLE_STRICT_OBJC_MSGSEND = YES;
				GCC_C_LANGUAGE_STANDARD = gnu99;
				GCC_NO_COMMON_BLOCKS = YES;
				GCC_WARN_64_TO_32_BIT_CONVERSION = YES;
				GCC_WARN_ABOUT_RETURN_TYPE = YES_ERROR;
				GCC_WARN_UNDECLARED_SELECTOR = YES;
				GCC_WARN_UNINITIALIZED_AUTOS = YES_AGGRESSIVE;
				GCC_WARN_UNUSED_FUNCTION = YES;
				GCC_WARN_UNUSED_VARIABLE = YES;
				IPHONEOS_DEPLOYMENT_TARGET = 8.0;
				SDKROOT = iphoneos;
				VALIDATE_PRODUCT = YES;
			};
			name = Release;
		};
		F890C2E019701B7E00262B19 /* Debug */ = {
			isa = XCBuildConfiguration;
			buildSettings = {
				DSTROOT = /tmp/IVGUtils.dst;
				GCC_PRECOMPILE_PREFIX_HEADER = YES;
				GCC_PREFIX_HEADER = "IVGUtils/IVGUtils-Prefix.pch";
				OTHER_LDFLAGS = "-ObjC";
				PRODUCT_NAME = "$(TARGET_NAME)";
				SKIP_INSTALL = YES;
			};
			name = Debug;
		};
		F890C2E119701B7E00262B19 /* Release */ = {
			isa = XCBuildConfiguration;
			buildSettings = {
				DSTROOT = /tmp/IVGUtils.dst;
				GCC_PRECOMPILE_PREFIX_HEADER = YES;
				GCC_PREFIX_HEADER = "IVGUtils/IVGUtils-Prefix.pch";
				OTHER_LDFLAGS = "-ObjC";
				PRODUCT_NAME = "$(TARGET_NAME)";
				SKIP_INSTALL = YES;
			};
			name = Release;
		};
		F890C2E319701B7E00262B19 /* Debug */ = {
			isa = XCBuildConfiguration;
			buildSettings = {
				GCC_PRECOMPILE_PREFIX_HEADER = YES;
				GCC_PREFIX_HEADER = "IVGUtils/IVGUtils-Prefix.pch";
				GCC_PREPROCESSOR_DEFINITIONS = (
					"DEBUG=1",
					"$(inherited)",
				);
				INFOPLIST_FILE = "IVGUtilsTests/IVGUtilsTests-Info.plist";
				OTHER_LDFLAGS = (
					"$(inherited)",
					"-framework",
					XCTest,
					"-ObjC",
					"-all_load",
				);
				PRODUCT_BUNDLE_IDENTIFIER = "com.ivygulch.${PRODUCT_NAME:rfc1034identifier}";
				PRODUCT_NAME = "$(TARGET_NAME)";
				WRAPPER_EXTENSION = xctest;
			};
			name = Debug;
		};
		F890C2E419701B7E00262B19 /* Release */ = {
			isa = XCBuildConfiguration;
			buildSettings = {
				GCC_PRECOMPILE_PREFIX_HEADER = YES;
				GCC_PREFIX_HEADER = "IVGUtils/IVGUtils-Prefix.pch";
				INFOPLIST_FILE = "IVGUtilsTests/IVGUtilsTests-Info.plist";
				OTHER_LDFLAGS = (
					"$(inherited)",
					"-framework",
					XCTest,
					"-ObjC",
					"-all_load",
				);
				PRODUCT_BUNDLE_IDENTIFIER = "com.ivygulch.${PRODUCT_NAME:rfc1034identifier}";
				PRODUCT_NAME = "$(TARGET_NAME)";
				WRAPPER_EXTENSION = xctest;
			};
			name = Release;
		};
/* End XCBuildConfiguration section */

/* Begin XCConfigurationList section */
		F890C2B719701B7D00262B19 /* Build configuration list for PBXProject "IVGUtils" */ = {
			isa = XCConfigurationList;
			buildConfigurations = (
				F890C2DD19701B7E00262B19 /* Debug */,
				F890C2DE19701B7E00262B19 /* Release */,
			);
			defaultConfigurationIsVisible = 0;
			defaultConfigurationName = Release;
		};
		F890C2DF19701B7E00262B19 /* Build configuration list for PBXNativeTarget "IVGUtils" */ = {
			isa = XCConfigurationList;
			buildConfigurations = (
				F890C2E019701B7E00262B19 /* Debug */,
				F890C2E119701B7E00262B19 /* Release */,
			);
			defaultConfigurationIsVisible = 0;
			defaultConfigurationName = Release;
		};
		F890C2E219701B7E00262B19 /* Build configuration list for PBXNativeTarget "IVGUtilsTests" */ = {
			isa = XCConfigurationList;
			buildConfigurations = (
				F890C2E319701B7E00262B19 /* Debug */,
				F890C2E419701B7E00262B19 /* Release */,
			);
			defaultConfigurationIsVisible = 0;
			defaultConfigurationName = Release;
		};
/* End XCConfigurationList section */
	};
	rootObject = F890C2B419701B7D00262B19 /* Project object */;
}
