// !$*UTF8*$!
{
	archiveVersion = 1;
	classes = {
	};
	objectVersion = 46;
	objects = {

/* Begin PBXBuildFile section */
		F83070C612EBAA4900B32D5D /* NSString+IVGUtilsTest.m in Sources */ = {isa = PBXBuildFile; fileRef = F83070C512EBAA4900B32D5D /* NSString+IVGUtilsTest.m */; };
		F89321B416506198008F88D6 /* Default-568h@2x.png in Resources */ = {isa = PBXBuildFile; fileRef = F89321B316506198008F88D6 /* Default-568h@2x.png */; };
		F89C62BF12E936A900563E7B /* GHUnitIOSTestMain.m in Sources */ = {isa = PBXBuildFile; fileRef = F89C62BC12E936A900563E7B /* GHUnitIOSTestMain.m */; };
		F89C62C912E937F700563E7B /* libIVGUtilsLib.a in Frameworks */ = {isa = PBXBuildFile; fileRef = F89C62AA12E9364100563E7B /* libIVGUtilsLib.a */; };
		F89C62D812E9382400563E7B /* libOCMock.a in Frameworks */ = {isa = PBXBuildFile; fileRef = F8E0602312E6822D008C09E5 /* libOCMock.a */; };
		F89C62E212E9382E00563E7B /* OCMock.framework in Frameworks */ = {isa = PBXBuildFile; fileRef = F8E0604B12E68261008C09E5 /* OCMock.framework */; };
		F89C62F812E9383400563E7B /* GHUnitIOS.framework in Frameworks */ = {isa = PBXBuildFile; fileRef = F8E0602712E68242008C09E5 /* GHUnitIOS.framework */; };
		F89C63E112E938BA00563E7B /* CoreGraphics.framework in Frameworks */ = {isa = PBXBuildFile; fileRef = 288765FC0DF74451002DB57D /* CoreGraphics.framework */; };
		F89C63E212E938BA00563E7B /* Foundation.framework in Frameworks */ = {isa = PBXBuildFile; fileRef = 1D30AB110D05D00D00671497 /* Foundation.framework */; };
		F89C63E312E938BA00563E7B /* UIKit.framework in Frameworks */ = {isa = PBXBuildFile; fileRef = 1DF5F4DF0D08C38300B7A737 /* UIKit.framework */; };
		F89C641212E93A2A00563E7B /* UIKit.framework in Frameworks */ = {isa = PBXBuildFile; fileRef = 1DF5F4DF0D08C38300B7A737 /* UIKit.framework */; };
		F89C641312E93A2F00563E7B /* Foundation.framework in Frameworks */ = {isa = PBXBuildFile; fileRef = 1D30AB110D05D00D00671497 /* Foundation.framework */; };
		F89C641412E93A3400563E7B /* CoreGraphics.framework in Frameworks */ = {isa = PBXBuildFile; fileRef = 288765FC0DF74451002DB57D /* CoreGraphics.framework */; };
		F8AE34DB16C4B178005A2965 /* IVGBlockMap.h in Headers */ = {isa = PBXBuildFile; fileRef = F8AE34C016C4B178005A2965 /* IVGBlockMap.h */; };
		F8AE34DC16C4B178005A2965 /* IVGBlockMap.m in Sources */ = {isa = PBXBuildFile; fileRef = F8AE34C116C4B178005A2965 /* IVGBlockMap.m */; };
		F8AE34DD16C4B178005A2965 /* IVGDebug.h in Headers */ = {isa = PBXBuildFile; fileRef = F8AE34C216C4B178005A2965 /* IVGDebug.h */; };
		F8AE34DE16C4B178005A2965 /* IVGHTMLExtractor.h in Headers */ = {isa = PBXBuildFile; fileRef = F8AE34C316C4B178005A2965 /* IVGHTMLExtractor.h */; };
		F8AE34DF16C4B178005A2965 /* IVGHTMLExtractor.m in Sources */ = {isa = PBXBuildFile; fileRef = F8AE34C416C4B178005A2965 /* IVGHTMLExtractor.m */; };
		F8AE34E016C4B178005A2965 /* IVGImageScrollView.h in Headers */ = {isa = PBXBuildFile; fileRef = F8AE34C516C4B178005A2965 /* IVGImageScrollView.h */; };
		F8AE34E116C4B178005A2965 /* IVGImageScrollView.m in Sources */ = {isa = PBXBuildFile; fileRef = F8AE34C616C4B178005A2965 /* IVGImageScrollView.m */; };
		F8AE34E216C4B178005A2965 /* IVGPassthroughView.h in Headers */ = {isa = PBXBuildFile; fileRef = F8AE34C716C4B178005A2965 /* IVGPassthroughView.h */; };
		F8AE34E316C4B178005A2965 /* IVGPassthroughView.m in Sources */ = {isa = PBXBuildFile; fileRef = F8AE34C816C4B178005A2965 /* IVGPassthroughView.m */; };
		F8AE34E416C4B178005A2965 /* IVGUtils.h in Headers */ = {isa = PBXBuildFile; fileRef = F8AE34C916C4B178005A2965 /* IVGUtils.h */; };
		F8AE34E516C4B178005A2965 /* IVGUtils.m in Sources */ = {isa = PBXBuildFile; fileRef = F8AE34CA16C4B178005A2965 /* IVGUtils.m */; };
		F8AE34E616C4B178005A2965 /* NSArray+IVGUtils.h in Headers */ = {isa = PBXBuildFile; fileRef = F8AE34CB16C4B178005A2965 /* NSArray+IVGUtils.h */; };
		F8AE34E716C4B178005A2965 /* NSArray+IVGUtils.m in Sources */ = {isa = PBXBuildFile; fileRef = F8AE34CC16C4B178005A2965 /* NSArray+IVGUtils.m */; };
		F8AE34E816C4B178005A2965 /* NSObject+IVGUtils.h in Headers */ = {isa = PBXBuildFile; fileRef = F8AE34CD16C4B178005A2965 /* NSObject+IVGUtils.h */; };
		F8AE34E916C4B178005A2965 /* NSObject+IVGUtils.m in Sources */ = {isa = PBXBuildFile; fileRef = F8AE34CE16C4B178005A2965 /* NSObject+IVGUtils.m */; };
		F8AE34EA16C4B178005A2965 /* NSSet+IVGUtils.h in Headers */ = {isa = PBXBuildFile; fileRef = F8AE34CF16C4B178005A2965 /* NSSet+IVGUtils.h */; };
		F8AE34EB16C4B178005A2965 /* NSSet+IVGUtils.m in Sources */ = {isa = PBXBuildFile; fileRef = F8AE34D016C4B178005A2965 /* NSSet+IVGUtils.m */; };
		F8AE34EC16C4B178005A2965 /* NSString+IVGUtils.h in Headers */ = {isa = PBXBuildFile; fileRef = F8AE34D116C4B178005A2965 /* NSString+IVGUtils.h */; };
		F8AE34ED16C4B178005A2965 /* NSString+IVGUtils.m in Sources */ = {isa = PBXBuildFile; fileRef = F8AE34D216C4B178005A2965 /* NSString+IVGUtils.m */; };
		F8AE34EE16C4B178005A2965 /* UIDevice+IVGUtils.h in Headers */ = {isa = PBXBuildFile; fileRef = F8AE34D316C4B178005A2965 /* UIDevice+IVGUtils.h */; };
		F8AE34EF16C4B178005A2965 /* UIDevice+IVGUtils.m in Sources */ = {isa = PBXBuildFile; fileRef = F8AE34D416C4B178005A2965 /* UIDevice+IVGUtils.m */; };
		F8AE34F016C4B178005A2965 /* UILabel+IVGUtils.h in Headers */ = {isa = PBXBuildFile; fileRef = F8AE34D516C4B178005A2965 /* UILabel+IVGUtils.h */; };
		F8AE34F116C4B178005A2965 /* UILabel+IVGUtils.m in Sources */ = {isa = PBXBuildFile; fileRef = F8AE34D616C4B178005A2965 /* UILabel+IVGUtils.m */; };
		F8AE34F216C4B178005A2965 /* UIToolbar+IVGUtils.h in Headers */ = {isa = PBXBuildFile; fileRef = F8AE34D716C4B178005A2965 /* UIToolbar+IVGUtils.h */; };
		F8AE34F316C4B178005A2965 /* UIToolbar+IVGUtils.m in Sources */ = {isa = PBXBuildFile; fileRef = F8AE34D816C4B178005A2965 /* UIToolbar+IVGUtils.m */; };
		F8AE34F416C4B178005A2965 /* UIView+IVGUtils.h in Headers */ = {isa = PBXBuildFile; fileRef = F8AE34D916C4B178005A2965 /* UIView+IVGUtils.h */; };
		F8AE34F516C4B178005A2965 /* UIView+IVGUtils.m in Sources */ = {isa = PBXBuildFile; fileRef = F8AE34DA16C4B178005A2965 /* UIView+IVGUtils.m */; };
		F8AE34F816C4B21B005A2965 /* NSDate+IVGUtils.h in Headers */ = {isa = PBXBuildFile; fileRef = F8AE34F616C4B21B005A2965 /* NSDate+IVGUtils.h */; };
		F8AE34F916C4B21B005A2965 /* NSDate+IVGUtils.m in Sources */ = {isa = PBXBuildFile; fileRef = F8AE34F716C4B21B005A2965 /* NSDate+IVGUtils.m */; };
		F8B365801335503300878CB2 /* NSArray+IVGUtilsTest.m in Sources */ = {isa = PBXBuildFile; fileRef = F8B3657F1335503300878CB2 /* NSArray+IVGUtilsTest.m */; };
		F8B9EB421336D0FA0087EE88 /* UIDevice+IVGUtilsTest.m in Sources */ = {isa = PBXBuildFile; fileRef = F8B9EB3F1336D09B0087EE88 /* UIDevice+IVGUtilsTest.m */; };
/* End PBXBuildFile section */

/* Begin PBXContainerItemProxy section */
		F89C62C712E937F000563E7B /* PBXContainerItemProxy */ = {
			isa = PBXContainerItemProxy;
			containerPortal = 29B97313FDCFA39411CA2CEA /* Project object */;
			proxyType = 1;
			remoteGlobalIDString = F89C62A912E9364100563E7B;
			remoteInfo = EmptyBaseLib;
		};
/* End PBXContainerItemProxy section */

/* Begin PBXFileReference section */
		00CDDE300F7703B40089C60E /* Makefile */ = {isa = PBXFileReference; fileEncoding = 4; lastKnownFileType = sourcecode.make; path = Makefile; sourceTree = "<group>"; };
		1D30AB110D05D00D00671497 /* Foundation.framework */ = {isa = PBXFileReference; lastKnownFileType = wrapper.framework; name = Foundation.framework; path = System/Library/Frameworks/Foundation.framework; sourceTree = SDKROOT; };
		1DF5F4DF0D08C38300B7A737 /* UIKit.framework */ = {isa = PBXFileReference; lastKnownFileType = wrapper.framework; name = UIKit.framework; path = System/Library/Frameworks/UIKit.framework; sourceTree = SDKROOT; };
		288765FC0DF74451002DB57D /* CoreGraphics.framework */ = {isa = PBXFileReference; lastKnownFileType = wrapper.framework; name = CoreGraphics.framework; path = System/Library/Frameworks/CoreGraphics.framework; sourceTree = SDKROOT; };
		F83070C512EBAA4900B32D5D /* NSString+IVGUtilsTest.m */ = {isa = PBXFileReference; fileEncoding = 4; lastKnownFileType = sourcecode.c.objc; path = "NSString+IVGUtilsTest.m"; sourceTree = "<group>"; };
		F857ED3416C09477008851A2 /* IVGUtils.podspec */ = {isa = PBXFileReference; fileEncoding = 4; lastKnownFileType = text; path = IVGUtils.podspec; sourceTree = "<group>"; };
		F857ED3516C0952D008851A2 /* LICENSE */ = {isa = PBXFileReference; fileEncoding = 4; lastKnownFileType = text; path = LICENSE; sourceTree = "<group>"; };
		F857ED3616C095C8008851A2 /* README.md */ = {isa = PBXFileReference; fileEncoding = 4; lastKnownFileType = text; path = README.md; sourceTree = "<group>"; };
		F89321B316506198008F88D6 /* Default-568h@2x.png */ = {isa = PBXFileReference; lastKnownFileType = image.png; path = "Default-568h@2x.png"; sourceTree = "<group>"; };
		F89C62AA12E9364100563E7B /* libIVGUtilsLib.a */ = {isa = PBXFileReference; explicitFileType = archive.ar; includeInIndex = 0; path = libIVGUtilsLib.a; sourceTree = BUILT_PRODUCTS_DIR; };
		F89C62B112E9365C00563E7B /* IVGUtilsLibTests.app */ = {isa = PBXFileReference; explicitFileType = wrapper.application; includeInIndex = 0; path = IVGUtilsLibTests.app; sourceTree = BUILT_PRODUCTS_DIR; };
		F89C62BC12E936A900563E7B /* GHUnitIOSTestMain.m */ = {isa = PBXFileReference; fileEncoding = 4; lastKnownFileType = sourcecode.c.objc; path = GHUnitIOSTestMain.m; sourceTree = "<group>"; };
		F89C62BD12E936A900563E7B /* IVGUtilsLibTests-Info.plist */ = {isa = PBXFileReference; fileEncoding = 4; lastKnownFileType = text.plist.xml; path = "IVGUtilsLibTests-Info.plist"; sourceTree = "<group>"; };
		F8AE34C016C4B178005A2965 /* IVGBlockMap.h */ = {isa = PBXFileReference; fileEncoding = 4; lastKnownFileType = sourcecode.c.h; path = IVGBlockMap.h; sourceTree = "<group>"; };
		F8AE34C116C4B178005A2965 /* IVGBlockMap.m */ = {isa = PBXFileReference; fileEncoding = 4; lastKnownFileType = sourcecode.c.objc; path = IVGBlockMap.m; sourceTree = "<group>"; };
		F8AE34C216C4B178005A2965 /* IVGDebug.h */ = {isa = PBXFileReference; fileEncoding = 4; lastKnownFileType = sourcecode.c.h; path = IVGDebug.h; sourceTree = "<group>"; };
		F8AE34C316C4B178005A2965 /* IVGHTMLExtractor.h */ = {isa = PBXFileReference; fileEncoding = 4; lastKnownFileType = sourcecode.c.h; path = IVGHTMLExtractor.h; sourceTree = "<group>"; };
		F8AE34C416C4B178005A2965 /* IVGHTMLExtractor.m */ = {isa = PBXFileReference; fileEncoding = 4; lastKnownFileType = sourcecode.c.objc; path = IVGHTMLExtractor.m; sourceTree = "<group>"; };
		F8AE34C516C4B178005A2965 /* IVGImageScrollView.h */ = {isa = PBXFileReference; fileEncoding = 4; lastKnownFileType = sourcecode.c.h; path = IVGImageScrollView.h; sourceTree = "<group>"; };
		F8AE34C616C4B178005A2965 /* IVGImageScrollView.m */ = {isa = PBXFileReference; fileEncoding = 4; lastKnownFileType = sourcecode.c.objc; path = IVGImageScrollView.m; sourceTree = "<group>"; };
		F8AE34C716C4B178005A2965 /* IVGPassthroughView.h */ = {isa = PBXFileReference; fileEncoding = 4; lastKnownFileType = sourcecode.c.h; path = IVGPassthroughView.h; sourceTree = "<group>"; };
		F8AE34C816C4B178005A2965 /* IVGPassthroughView.m */ = {isa = PBXFileReference; fileEncoding = 4; lastKnownFileType = sourcecode.c.objc; path = IVGPassthroughView.m; sourceTree = "<group>"; };
		F8AE34C916C4B178005A2965 /* IVGUtils.h */ = {isa = PBXFileReference; fileEncoding = 4; lastKnownFileType = sourcecode.c.h; path = IVGUtils.h; sourceTree = "<group>"; };
		F8AE34CA16C4B178005A2965 /* IVGUtils.m */ = {isa = PBXFileReference; fileEncoding = 4; lastKnownFileType = sourcecode.c.objc; path = IVGUtils.m; sourceTree = "<group>"; };
		F8AE34CB16C4B178005A2965 /* NSArray+IVGUtils.h */ = {isa = PBXFileReference; fileEncoding = 4; lastKnownFileType = sourcecode.c.h; path = "NSArray+IVGUtils.h"; sourceTree = "<group>"; };
		F8AE34CC16C4B178005A2965 /* NSArray+IVGUtils.m */ = {isa = PBXFileReference; fileEncoding = 4; lastKnownFileType = sourcecode.c.objc; path = "NSArray+IVGUtils.m"; sourceTree = "<group>"; };
		F8AE34CD16C4B178005A2965 /* NSObject+IVGUtils.h */ = {isa = PBXFileReference; fileEncoding = 4; lastKnownFileType = sourcecode.c.h; path = "NSObject+IVGUtils.h"; sourceTree = "<group>"; };
		F8AE34CE16C4B178005A2965 /* NSObject+IVGUtils.m */ = {isa = PBXFileReference; fileEncoding = 4; lastKnownFileType = sourcecode.c.objc; path = "NSObject+IVGUtils.m"; sourceTree = "<group>"; };
		F8AE34CF16C4B178005A2965 /* NSSet+IVGUtils.h */ = {isa = PBXFileReference; fileEncoding = 4; lastKnownFileType = sourcecode.c.h; path = "NSSet+IVGUtils.h"; sourceTree = "<group>"; };
		F8AE34D016C4B178005A2965 /* NSSet+IVGUtils.m */ = {isa = PBXFileReference; fileEncoding = 4; lastKnownFileType = sourcecode.c.objc; path = "NSSet+IVGUtils.m"; sourceTree = "<group>"; };
		F8AE34D116C4B178005A2965 /* NSString+IVGUtils.h */ = {isa = PBXFileReference; fileEncoding = 4; lastKnownFileType = sourcecode.c.h; path = "NSString+IVGUtils.h"; sourceTree = "<group>"; };
		F8AE34D216C4B178005A2965 /* NSString+IVGUtils.m */ = {isa = PBXFileReference; fileEncoding = 4; lastKnownFileType = sourcecode.c.objc; path = "NSString+IVGUtils.m"; sourceTree = "<group>"; };
		F8AE34D316C4B178005A2965 /* UIDevice+IVGUtils.h */ = {isa = PBXFileReference; fileEncoding = 4; lastKnownFileType = sourcecode.c.h; path = "UIDevice+IVGUtils.h"; sourceTree = "<group>"; };
		F8AE34D416C4B178005A2965 /* UIDevice+IVGUtils.m */ = {isa = PBXFileReference; fileEncoding = 4; lastKnownFileType = sourcecode.c.objc; path = "UIDevice+IVGUtils.m"; sourceTree = "<group>"; };
		F8AE34D516C4B178005A2965 /* UILabel+IVGUtils.h */ = {isa = PBXFileReference; fileEncoding = 4; lastKnownFileType = sourcecode.c.h; path = "UILabel+IVGUtils.h"; sourceTree = "<group>"; };
		F8AE34D616C4B178005A2965 /* UILabel+IVGUtils.m */ = {isa = PBXFileReference; fileEncoding = 4; lastKnownFileType = sourcecode.c.objc; path = "UILabel+IVGUtils.m"; sourceTree = "<group>"; };
		F8AE34D716C4B178005A2965 /* UIToolbar+IVGUtils.h */ = {isa = PBXFileReference; fileEncoding = 4; lastKnownFileType = sourcecode.c.h; path = "UIToolbar+IVGUtils.h"; sourceTree = "<group>"; };
		F8AE34D816C4B178005A2965 /* UIToolbar+IVGUtils.m */ = {isa = PBXFileReference; fileEncoding = 4; lastKnownFileType = sourcecode.c.objc; path = "UIToolbar+IVGUtils.m"; sourceTree = "<group>"; };
		F8AE34D916C4B178005A2965 /* UIView+IVGUtils.h */ = {isa = PBXFileReference; fileEncoding = 4; lastKnownFileType = sourcecode.c.h; path = "UIView+IVGUtils.h"; sourceTree = "<group>"; };
		F8AE34DA16C4B178005A2965 /* UIView+IVGUtils.m */ = {isa = PBXFileReference; fileEncoding = 4; lastKnownFileType = sourcecode.c.objc; path = "UIView+IVGUtils.m"; sourceTree = "<group>"; };
		F8AE34F616C4B21B005A2965 /* NSDate+IVGUtils.h */ = {isa = PBXFileReference; fileEncoding = 4; lastKnownFileType = sourcecode.c.h; path = "NSDate+IVGUtils.h"; sourceTree = "<group>"; };
		F8AE34F716C4B21B005A2965 /* NSDate+IVGUtils.m */ = {isa = PBXFileReference; fileEncoding = 4; lastKnownFileType = sourcecode.c.objc; path = "NSDate+IVGUtils.m"; sourceTree = "<group>"; };
		F8B3657F1335503300878CB2 /* NSArray+IVGUtilsTest.m */ = {isa = PBXFileReference; fileEncoding = 4; lastKnownFileType = sourcecode.c.objc; path = "NSArray+IVGUtilsTest.m"; sourceTree = "<group>"; };
		F8B9EB3F1336D09B0087EE88 /* UIDevice+IVGUtilsTest.m */ = {isa = PBXFileReference; fileEncoding = 4; lastKnownFileType = sourcecode.c.objc; path = "UIDevice+IVGUtilsTest.m"; sourceTree = "<group>"; };
		F8E05E6012E676A3008C09E5 /* RunTests.sh */ = {isa = PBXFileReference; fileEncoding = 4; lastKnownFileType = text.script.sh; path = RunTests.sh; sourceTree = "<group>"; };
		F8E0602312E6822D008C09E5 /* libOCMock.a */ = {isa = PBXFileReference; lastKnownFileType = archive.ar; path = libOCMock.a; sourceTree = "<group>"; };
		F8E0602712E68242008C09E5 /* GHUnitIOS.framework */ = {isa = PBXFileReference; lastKnownFileType = wrapper.framework; path = GHUnitIOS.framework; sourceTree = "<group>"; };
		F8E0604B12E68261008C09E5 /* OCMock.framework */ = {isa = PBXFileReference; lastKnownFileType = wrapper.framework; path = OCMock.framework; sourceTree = "<group>"; };
/* End PBXFileReference section */

/* Begin PBXFrameworksBuildPhase section */
		F89C62A812E9364100563E7B /* Frameworks */ = {
			isa = PBXFrameworksBuildPhase;
			buildActionMask = 2147483647;
			files = (
				F89C641212E93A2A00563E7B /* UIKit.framework in Frameworks */,
				F89C641312E93A2F00563E7B /* Foundation.framework in Frameworks */,
				F89C641412E93A3400563E7B /* CoreGraphics.framework in Frameworks */,
			);
			runOnlyForDeploymentPostprocessing = 0;
		};
		F89C62AF12E9365C00563E7B /* Frameworks */ = {
			isa = PBXFrameworksBuildPhase;
			buildActionMask = 2147483647;
			files = (
				F89C62C912E937F700563E7B /* libIVGUtilsLib.a in Frameworks */,
				F89C62D812E9382400563E7B /* libOCMock.a in Frameworks */,
				F89C62E212E9382E00563E7B /* OCMock.framework in Frameworks */,
				F89C62F812E9383400563E7B /* GHUnitIOS.framework in Frameworks */,
				F89C63E112E938BA00563E7B /* CoreGraphics.framework in Frameworks */,
				F89C63E212E938BA00563E7B /* Foundation.framework in Frameworks */,
				F89C63E312E938BA00563E7B /* UIKit.framework in Frameworks */,
			);
			runOnlyForDeploymentPostprocessing = 0;
		};
/* End PBXFrameworksBuildPhase section */

/* Begin PBXGroup section */
		19C28FACFE9D520D11CA2CBB /* Products */ = {
			isa = PBXGroup;
			children = (
				F89C62AA12E9364100563E7B /* libIVGUtilsLib.a */,
				F89C62B112E9365C00563E7B /* IVGUtilsLibTests.app */,
			);
			name = Products;
			sourceTree = "<group>";
		};
		29B97314FDCFA39411CA2CEA /* CustomTemplate */ = {
			isa = PBXGroup;
			children = (
				F857ED3716C095D5008851A2 /* info */,
				F89321B316506198008F88D6 /* Default-568h@2x.png */,
				F89C62A312E935C300563E7B /* LibClasses */,
				F89C62A412E935D700563E7B /* LibTests */,
				F8E05E5F12E67682008C09E5 /* SharedOtherSources */,
				F8E05FF512E681E1008C09E5 /* Libraries */,
				29B97323FDCFA39411CA2CEA /* Frameworks */,
				19C28FACFE9D520D11CA2CBB /* Products */,
			);
			name = CustomTemplate;
			sourceTree = "<group>";
		};
		29B97323FDCFA39411CA2CEA /* Frameworks */ = {
			isa = PBXGroup;
			children = (
				1D30AB110D05D00D00671497 /* Foundation.framework */,
				1DF5F4DF0D08C38300B7A737 /* UIKit.framework */,
				288765FC0DF74451002DB57D /* CoreGraphics.framework */,
			);
			name = Frameworks;
			sourceTree = "<group>";
		};
		F841D43314CB1F02000511FE /* Supporting files */ = {
			isa = PBXGroup;
			children = (
				F89C62BD12E936A900563E7B /* IVGUtilsLibTests-Info.plist */,
				F89C62BC12E936A900563E7B /* GHUnitIOSTestMain.m */,
			);
			name = "Supporting files";
			sourceTree = "<group>";
		};
		F857ED3716C095D5008851A2 /* info */ = {
			isa = PBXGroup;
			children = (
				F857ED3616C095C8008851A2 /* README.md */,
				F857ED3416C09477008851A2 /* IVGUtils.podspec */,
				F857ED3516C0952D008851A2 /* LICENSE */,
			);
			name = info;
			sourceTree = "<group>";
		};
		F89C62A312E935C300563E7B /* LibClasses */ = {
			isa = PBXGroup;
			children = (
				F8AE34C016C4B178005A2965 /* IVGBlockMap.h */,
				F8AE34C116C4B178005A2965 /* IVGBlockMap.m */,
				F8AE34C216C4B178005A2965 /* IVGDebug.h */,
				F8AE34C316C4B178005A2965 /* IVGHTMLExtractor.h */,
				F8AE34C416C4B178005A2965 /* IVGHTMLExtractor.m */,
				F8AE34C516C4B178005A2965 /* IVGImageScrollView.h */,
				F8AE34C616C4B178005A2965 /* IVGImageScrollView.m */,
				F8AE34C716C4B178005A2965 /* IVGPassthroughView.h */,
				F8AE34C816C4B178005A2965 /* IVGPassthroughView.m */,
				F8AE34C916C4B178005A2965 /* IVGUtils.h */,
				F8AE34CA16C4B178005A2965 /* IVGUtils.m */,
				F8AE34CB16C4B178005A2965 /* NSArray+IVGUtils.h */,
				F8AE34CC16C4B178005A2965 /* NSArray+IVGUtils.m */,
				F8AE34F616C4B21B005A2965 /* NSDate+IVGUtils.h */,
				F8AE34F716C4B21B005A2965 /* NSDate+IVGUtils.m */,
				F8AE34CD16C4B178005A2965 /* NSObject+IVGUtils.h */,
				F8AE34CE16C4B178005A2965 /* NSObject+IVGUtils.m */,
				F8AE34CF16C4B178005A2965 /* NSSet+IVGUtils.h */,
				F8AE34D016C4B178005A2965 /* NSSet+IVGUtils.m */,
				F8AE34D116C4B178005A2965 /* NSString+IVGUtils.h */,
				F8AE34D216C4B178005A2965 /* NSString+IVGUtils.m */,
				F8AE34D316C4B178005A2965 /* UIDevice+IVGUtils.h */,
				F8AE34D416C4B178005A2965 /* UIDevice+IVGUtils.m */,
				F8AE34D516C4B178005A2965 /* UILabel+IVGUtils.h */,
				F8AE34D616C4B178005A2965 /* UILabel+IVGUtils.m */,
				F8AE34D716C4B178005A2965 /* UIToolbar+IVGUtils.h */,
				F8AE34D816C4B178005A2965 /* UIToolbar+IVGUtils.m */,
				F8AE34D916C4B178005A2965 /* UIView+IVGUtils.h */,
				F8AE34DA16C4B178005A2965 /* UIView+IVGUtils.m */,
			);
			path = LibClasses;
			sourceTree = "<group>";
		};
		F89C62A412E935D700563E7B /* LibTests */ = {
			isa = PBXGroup;
			children = (
				F841D43314CB1F02000511FE /* Supporting files */,
				F8B9EB3F1336D09B0087EE88 /* UIDevice+IVGUtilsTest.m */,
				F83070C512EBAA4900B32D5D /* NSString+IVGUtilsTest.m */,
				F8B3657F1335503300878CB2 /* NSArray+IVGUtilsTest.m */,
			);
			path = LibTests;
			sourceTree = "<group>";
		};
		F8E05E5F12E67682008C09E5 /* SharedOtherSources */ = {
			isa = PBXGroup;
			children = (
				F8E05E6012E676A3008C09E5 /* RunTests.sh */,
				00CDDE300F7703B40089C60E /* Makefile */,
			);
			name = SharedOtherSources;
			sourceTree = "<group>";
		};
		F8E05FF512E681E1008C09E5 /* Libraries */ = {
			isa = PBXGroup;
			children = (
				F8E0602312E6822D008C09E5 /* libOCMock.a */,
				F8E0604B12E68261008C09E5 /* OCMock.framework */,
				F8E0602712E68242008C09E5 /* GHUnitIOS.framework */,
			);
			path = Libraries;
			sourceTree = "<group>";
		};
/* End PBXGroup section */

/* Begin PBXHeadersBuildPhase section */
		F89C62A612E9364100563E7B /* Headers */ = {
			isa = PBXHeadersBuildPhase;
			buildActionMask = 2147483647;
			files = (
				F8AE34DB16C4B178005A2965 /* IVGBlockMap.h in Headers */,
				F8AE34DD16C4B178005A2965 /* IVGDebug.h in Headers */,
				F8AE34DE16C4B178005A2965 /* IVGHTMLExtractor.h in Headers */,
				F8AE34E016C4B178005A2965 /* IVGImageScrollView.h in Headers */,
				F8AE34E216C4B178005A2965 /* IVGPassthroughView.h in Headers */,
				F8AE34E416C4B178005A2965 /* IVGUtils.h in Headers */,
				F8AE34E616C4B178005A2965 /* NSArray+IVGUtils.h in Headers */,
				F8AE34E816C4B178005A2965 /* NSObject+IVGUtils.h in Headers */,
				F8AE34EA16C4B178005A2965 /* NSSet+IVGUtils.h in Headers */,
				F8AE34EC16C4B178005A2965 /* NSString+IVGUtils.h in Headers */,
				F8AE34EE16C4B178005A2965 /* UIDevice+IVGUtils.h in Headers */,
				F8AE34F016C4B178005A2965 /* UILabel+IVGUtils.h in Headers */,
				F8AE34F216C4B178005A2965 /* UIToolbar+IVGUtils.h in Headers */,
				F8AE34F416C4B178005A2965 /* UIView+IVGUtils.h in Headers */,
				F8AE34F816C4B21B005A2965 /* NSDate+IVGUtils.h in Headers */,
			);
			runOnlyForDeploymentPostprocessing = 0;
		};
/* End PBXHeadersBuildPhase section */

/* Begin PBXNativeTarget section */
		F89C62A912E9364100563E7B /* IVGUtilsLib */ = {
			isa = PBXNativeTarget;
			buildConfigurationList = F89C62B612E9365C00563E7B /* Build configuration list for PBXNativeTarget "IVGUtilsLib" */;
			buildPhases = (
				F89C62A612E9364100563E7B /* Headers */,
				F89C62A712E9364100563E7B /* Sources */,
				F89C62A812E9364100563E7B /* Frameworks */,
			);
			buildRules = (
			);
			dependencies = (
			);
			name = IVGUtilsLib;
			productName = EmptyBaseLib;
			productReference = F89C62AA12E9364100563E7B /* libIVGUtilsLib.a */;
			productType = "com.apple.product-type.library.static";
		};
		F89C62B012E9365C00563E7B /* IVGUtilsLibTests */ = {
			isa = PBXNativeTarget;
			buildConfigurationList = F89C62B712E9365C00563E7B /* Build configuration list for PBXNativeTarget "IVGUtilsLibTests" */;
			buildPhases = (
				F89C62AD12E9365C00563E7B /* Resources */,
				F89C62AE12E9365C00563E7B /* Sources */,
				F89C62AF12E9365C00563E7B /* Frameworks */,
			);
			buildRules = (
			);
			dependencies = (
				F89C62C812E937F000563E7B /* PBXTargetDependency */,
			);
			name = IVGUtilsLibTests;
			productName = EmptyBaseLibTests;
			productReference = F89C62B112E9365C00563E7B /* IVGUtilsLibTests.app */;
			productType = "com.apple.product-type.application";
		};
/* End PBXNativeTarget section */

/* Begin PBXProject section */
		29B97313FDCFA39411CA2CEA /* Project object */ = {
			isa = PBXProject;
			attributes = {
				LastUpgradeCheck = 0460;
				ORGANIZATIONNAME = "Ivy Gulch, LLC";
			};
			buildConfigurationList = C01FCF4E08A954540054247B /* Build configuration list for PBXProject "IVGUtils" */;
			compatibilityVersion = "Xcode 3.2";
			developmentRegion = English;
			hasScannedForEncodings = 1;
			knownRegions = (
				English,
				Japanese,
				French,
				German,
			);
			mainGroup = 29B97314FDCFA39411CA2CEA /* CustomTemplate */;
			projectDirPath = "";
			projectRoot = "";
			targets = (
				F89C62A912E9364100563E7B /* IVGUtilsLib */,
				F89C62B012E9365C00563E7B /* IVGUtilsLibTests */,
			);
		};
/* End PBXProject section */

/* Begin PBXResourcesBuildPhase section */
		F89C62AD12E9365C00563E7B /* Resources */ = {
			isa = PBXResourcesBuildPhase;
			buildActionMask = 2147483647;
			files = (
				F89321B416506198008F88D6 /* Default-568h@2x.png in Resources */,
			);
			runOnlyForDeploymentPostprocessing = 0;
		};
/* End PBXResourcesBuildPhase section */

/* Begin PBXSourcesBuildPhase section */
		F89C62A712E9364100563E7B /* Sources */ = {
			isa = PBXSourcesBuildPhase;
			buildActionMask = 2147483647;
			files = (
				F8AE34DC16C4B178005A2965 /* IVGBlockMap.m in Sources */,
				F8AE34DF16C4B178005A2965 /* IVGHTMLExtractor.m in Sources */,
				F8AE34E116C4B178005A2965 /* IVGImageScrollView.m in Sources */,
				F8AE34E316C4B178005A2965 /* IVGPassthroughView.m in Sources */,
				F8AE34E516C4B178005A2965 /* IVGUtils.m in Sources */,
				F8AE34E716C4B178005A2965 /* NSArray+IVGUtils.m in Sources */,
				F8AE34E916C4B178005A2965 /* NSObject+IVGUtils.m in Sources */,
				F8AE34EB16C4B178005A2965 /* NSSet+IVGUtils.m in Sources */,
				F8AE34ED16C4B178005A2965 /* NSString+IVGUtils.m in Sources */,
				F8AE34EF16C4B178005A2965 /* UIDevice+IVGUtils.m in Sources */,
				F8AE34F116C4B178005A2965 /* UILabel+IVGUtils.m in Sources */,
				F8AE34F316C4B178005A2965 /* UIToolbar+IVGUtils.m in Sources */,
				F8AE34F516C4B178005A2965 /* UIView+IVGUtils.m in Sources */,
				F8AE34F916C4B21B005A2965 /* NSDate+IVGUtils.m in Sources */,
			);
			runOnlyForDeploymentPostprocessing = 0;
		};
		F89C62AE12E9365C00563E7B /* Sources */ = {
			isa = PBXSourcesBuildPhase;
			buildActionMask = 2147483647;
			files = (
				F89C62BF12E936A900563E7B /* GHUnitIOSTestMain.m in Sources */,
				F83070C612EBAA4900B32D5D /* NSString+IVGUtilsTest.m in Sources */,
				F8B365801335503300878CB2 /* NSArray+IVGUtilsTest.m in Sources */,
				F8B9EB421336D0FA0087EE88 /* UIDevice+IVGUtilsTest.m in Sources */,
			);
			runOnlyForDeploymentPostprocessing = 0;
		};
/* End PBXSourcesBuildPhase section */

/* Begin PBXTargetDependency section */
		F89C62C812E937F000563E7B /* PBXTargetDependency */ = {
			isa = PBXTargetDependency;
			target = F89C62A912E9364100563E7B /* IVGUtilsLib */;
			targetProxy = F89C62C712E937F000563E7B /* PBXContainerItemProxy */;
		};
/* End PBXTargetDependency section */

/* Begin XCBuildConfiguration section */
		C01FCF4F08A954540054247B /* Debug */ = {
			isa = XCBuildConfiguration;
			buildSettings = {
				ARCHS = (
					arm6,
					"$(ARCHS_STANDARD_32_BIT)",
				);
				CLANG_ENABLE_OBJC_ARC = YES;
				CODE_SIGN_IDENTITY = "iPhone Developer: Douglas Sjoquist (27AJJ3WTY6)";
				GCC_C_LANGUAGE_STANDARD = c99;
				GCC_WARN_ABOUT_RETURN_TYPE = YES;
				GCC_WARN_UNUSED_VARIABLE = YES;
				IPHONEOS_DEPLOYMENT_TARGET = 5.0;
				ONLY_ACTIVE_ARCH = NO;
				PROVISIONING_PROFILE = "61BD9747-A664-4924-BAD5-0E7C3585C1CF";
				SDKROOT = iphoneos;
				TARGETED_DEVICE_FAMILY = "1,2";
			};
			name = Debug;
		};
		C01FCF5008A954540054247B /* Release */ = {
			isa = XCBuildConfiguration;
			buildSettings = {
				ARCHS = (
					arm6,
					"$(ARCHS_STANDARD_32_BIT)",
				);
				CLANG_ENABLE_OBJC_ARC = YES;
				CODE_SIGN_IDENTITY = "iPhone Developer: Douglas Sjoquist (27AJJ3WTY6)";
				GCC_C_LANGUAGE_STANDARD = c99;
				GCC_WARN_ABOUT_RETURN_TYPE = YES;
				GCC_WARN_UNUSED_VARIABLE = YES;
				IPHONEOS_DEPLOYMENT_TARGET = 5.0;
				PROVISIONING_PROFILE = "61BD9747-A664-4924-BAD5-0E7C3585C1CF";
				SDKROOT = iphoneos;
				TARGETED_DEVICE_FAMILY = "1,2";
			};
			name = Release;
		};
		F89C62AB12E9364100563E7B /* Debug */ = {
			isa = XCBuildConfiguration;
			buildSettings = {
				ALWAYS_SEARCH_USER_PATHS = NO;
				COPY_PHASE_STRIP = NO;
				GCC_DYNAMIC_NO_PIC = NO;
				GCC_OPTIMIZATION_LEVEL = 0;
				ONLY_ACTIVE_ARCH = YES;
				PRODUCT_NAME = IVGUtilsLib;
				SDKROOT = iphoneos;
			};
			name = Debug;
		};
		F89C62AC12E9364100563E7B /* Release */ = {
			isa = XCBuildConfiguration;
			buildSettings = {
				ALWAYS_SEARCH_USER_PATHS = NO;
				COPY_PHASE_STRIP = YES;
				DEBUG_INFORMATION_FORMAT = "dwarf-with-dsym";
				PRODUCT_NAME = IVGUtilsLib;
				SDKROOT = iphoneos;
				ZERO_LINK = NO;
			};
			name = Release;
		};
		F89C62B412E9365C00563E7B /* Debug */ = {
			isa = XCBuildConfiguration;
			buildSettings = {
				ALWAYS_SEARCH_USER_PATHS = YES;
				CODE_SIGN_IDENTITY = "iPhone Developer: Douglas Sjoquist (27AJJ3WTY6)";
				COPY_PHASE_STRIP = NO;
				FRAMEWORK_SEARCH_PATHS = (
					"$(inherited)",
					"\"$(SRCROOT)/Libraries\"",
				);
				GCC_DYNAMIC_NO_PIC = NO;
				GCC_OPTIMIZATION_LEVEL = 0;
				GCC_PRECOMPILE_PREFIX_HEADER = YES;
				GCC_PREFIX_HEADER = "$(SYSTEM_LIBRARY_DIR)/Frameworks/UIKit.framework/Headers/UIKit.h";
				INFOPLIST_FILE = "LibTests/IVGUtilsLibTests-Info.plist";
				INSTALL_PATH = "$(HOME)/Applications";
				LD_RUNPATH_SEARCH_PATHS = "\"$(SRCROOT)/Libraries\"";
				LIBRARY_SEARCH_PATHS = (
					"$(inherited)",
					"\"$(SRCROOT)/Libraries\"",
				);
				OTHER_LDFLAGS = (
					"-all_load",
					"-ObjC",
					"-framework",
					Foundation,
					"-framework",
					UIKit,
				);
				PRODUCT_NAME = IVGUtilsLibTests;
				PROVISIONING_PROFILE = "61BD9747-A664-4924-BAD5-0E7C3585C1CF";
				SDKROOT = iphoneos;
				USER_HEADER_SEARCH_PATHS = "\"$(SRCROOT)/Libraries\"/**";
			};
			name = Debug;
		};
		F89C62B512E9365C00563E7B /* Release */ = {
			isa = XCBuildConfiguration;
			buildSettings = {
				ALWAYS_SEARCH_USER_PATHS = NO;
				CODE_SIGN_IDENTITY = "iPhone Developer: Douglas Sjoquist (27AJJ3WTY6)";
				COPY_PHASE_STRIP = YES;
				DEBUG_INFORMATION_FORMAT = "dwarf-with-dsym";
				FRAMEWORK_SEARCH_PATHS = (
					"$(inherited)",
					"\"$(SRCROOT)/Libraries\"",
				);
				GCC_PRECOMPILE_PREFIX_HEADER = YES;
				GCC_PREFIX_HEADER = "$(SYSTEM_LIBRARY_DIR)/Frameworks/UIKit.framework/Headers/UIKit.h";
				INFOPLIST_FILE = "LibTests/IVGUtilsLibTests-Info.plist";
				INSTALL_PATH = "$(HOME)/Applications";
				LIBRARY_SEARCH_PATHS = (
					"$(inherited)",
					"\"$(SRCROOT)/Libraries\"",
				);
				OTHER_LDFLAGS = (
					"-framework",
					Foundation,
					"-framework",
					UIKit,
				);
				PRODUCT_NAME = IVGUtilsLibTests;
				PROVISIONING_PROFILE = "61BD9747-A664-4924-BAD5-0E7C3585C1CF";
				SDKROOT = iphoneos;
				ZERO_LINK = NO;
			};
			name = Release;
		};
/* End XCBuildConfiguration section */

/* Begin XCConfigurationList section */
		C01FCF4E08A954540054247B /* Build configuration list for PBXProject "IVGUtils" */ = {
			isa = XCConfigurationList;
			buildConfigurations = (
				C01FCF4F08A954540054247B /* Debug */,
				C01FCF5008A954540054247B /* Release */,
			);
			defaultConfigurationIsVisible = 0;
			defaultConfigurationName = Release;
		};
		F89C62B612E9365C00563E7B /* Build configuration list for PBXNativeTarget "IVGUtilsLib" */ = {
			isa = XCConfigurationList;
			buildConfigurations = (
				F89C62AB12E9364100563E7B /* Debug */,
				F89C62AC12E9364100563E7B /* Release */,
			);
			defaultConfigurationIsVisible = 0;
			defaultConfigurationName = Release;
		};
		F89C62B712E9365C00563E7B /* Build configuration list for PBXNativeTarget "IVGUtilsLibTests" */ = {
			isa = XCConfigurationList;
			buildConfigurations = (
				F89C62B412E9365C00563E7B /* Debug */,
				F89C62B512E9365C00563E7B /* Release */,
			);
			defaultConfigurationIsVisible = 0;
			defaultConfigurationName = Release;
		};
/* End XCConfigurationList section */
	};
	rootObject = 29B97313FDCFA39411CA2CEA /* Project object */;
}
